// !$*UTF8*$!
{
	archiveVersion = 1;
	classes = {
	};
	objectVersion = 46;
	objects = {

/* Begin PBXBuildFile section */
		C83D2E091AEDD7A300CD066D /* scriptsPopoverViewController.swift in Sources */ = {isa = PBXBuildFile; fileRef = C83D2E081AEDD7A300CD066D /* scriptsPopoverViewController.swift */; };
		C84079D31C054BCF002EC6D4 /* DropReceiverView.swift in Sources */ = {isa = PBXBuildFile; fileRef = C84079D21C054BCF002EC6D4 /* DropReceiverView.swift */; };
		C84079D51C0559B7002EC6D4 /* StatusTextField.swift in Sources */ = {isa = PBXBuildFile; fileRef = C84079D41C0559B7002EC6D4 /* StatusTextField.swift */; };
		C856FFD91BFB05CD0098B1E2 /* UITweaker.swift in Sources */ = {isa = PBXBuildFile; fileRef = C856FFD81BFB05CD0098B1E2 /* UITweaker.swift */; };
		C856FFDE1BFB91110098B1E2 /* C.swift in Sources */ = {isa = PBXBuildFile; fileRef = C856FFDD1BFB91110098B1E2 /* C.swift */; };
		C856FFDF1BFDA61A0098B1E2 /* exitDemoMode.sh in Resources */ = {isa = PBXBuildFile; fileRef = C856FFDB1BFB095E0098B1E2 /* exitDemoMode.sh */; };
		C856FFE01BFDA61A0098B1E2 /* setDemoModeOptions.sh in Resources */ = {isa = PBXBuildFile; fileRef = C856FFDC1BFB0A520098B1E2 /* setDemoModeOptions.sh */; };
		C8595D1A1BF5C1EE00805042 /* WindowMoverView.swift in Sources */ = {isa = PBXBuildFile; fileRef = C8595D191BF5C1EE00805042 /* WindowMoverView.swift */; };
		C8595D1C1BF5C8B000805042 /* WindowMoverScrollview.swift in Sources */ = {isa = PBXBuildFile; fileRef = C8595D1B1BF5C8B000805042 /* WindowMoverScrollview.swift */; };
		C8595D1E1BF5C95500805042 /* WindowMoverTableCellView.swift in Sources */ = {isa = PBXBuildFile; fileRef = C8595D1D1BF5C95500805042 /* WindowMoverTableCellView.swift */; };
		C8595D201BF660E100805042 /* WIndowMoverImageView.swift in Sources */ = {isa = PBXBuildFile; fileRef = C8595D1F1BF660E100805042 /* WIndowMoverImageView.swift */; };
		C8595D221BF6A55700805042 /* Constants.swift in Sources */ = {isa = PBXBuildFile; fileRef = C8595D211BF6A55700805042 /* Constants.swift */; };
		C86C15F91C1395DC00E22CEC /* getApkInfo.sh in Resources */ = {isa = PBXBuildFile; fileRef = C86C15F81C1395DC00E22CEC /* getApkInfo.sh */; };
		C86C15FB1C1395F700E22CEC /* installZip.sh in Resources */ = {isa = PBXBuildFile; fileRef = C86C15FA1C1395F700E22CEC /* installZip.sh */; };
		C86C15FF1C13993400E22CEC /* ApkHandler.swift in Sources */ = {isa = PBXBuildFile; fileRef = C86C15FE1C13993400E22CEC /* ApkHandler.swift */; };
		C86C16011C13997100E22CEC /* Apk.swift in Sources */ = {isa = PBXBuildFile; fileRef = C86C16001C13997100E22CEC /* Apk.swift */; };
		C86C16031C139B8F00E22CEC /* launchActivity.sh in Resources */ = {isa = PBXBuildFile; fileRef = C86C16021C139B8F00E22CEC /* launchActivity.sh */; };
		C86C16051C13B4B900E22CEC /* uninstallPackageOnDevice.sh in Resources */ = {isa = PBXBuildFile; fileRef = C86C16041C13B4B900E22CEC /* uninstallPackageOnDevice.sh */; };
		C86C16071C14BA5100E22CEC /* CameraButton.swift in Sources */ = {isa = PBXBuildFile; fileRef = C86C16061C14BA5100E22CEC /* CameraButton.swift */; };
		C86C16091C14F7F700E22CEC /* extractIconFromApk.sh in Resources */ = {isa = PBXBuildFile; fileRef = C86C16081C14F7F700E22CEC /* extractIconFromApk.sh */; };
		C86C160B1C1511B800E22CEC /* DropPassThroughImageView.swift in Sources */ = {isa = PBXBuildFile; fileRef = C86C160A1C1511B800E22CEC /* DropPassThroughImageView.swift */; };
		C86C160D1C15241B00E22CEC /* MovableButton.swift in Sources */ = {isa = PBXBuildFile; fileRef = C86C160C1C15241B00E22CEC /* MovableButton.swift */; };
		C86C162C1C165B5E00E22CEC /* ZipHandler.swift in Sources */ = {isa = PBXBuildFile; fileRef = C86C162B1C165B5E00E22CEC /* ZipHandler.swift */; };
		C86DF2A61AFF2D7300AEBDF5 /* previewPopoverViewController.swift in Sources */ = {isa = PBXBuildFile; fileRef = C86DF2A51AFF2D7300AEBDF5 /* previewPopoverViewController.swift */; };
		C87E3AE71BFF7DBB00275AA2 /* LoaderView.swift in Sources */ = {isa = PBXBuildFile; fileRef = C87E3AE61BFF7DBB00275AA2 /* LoaderView.swift */; };
		C87E3AF11C01128500275AA2 /* RawOutputWindowController.swift in Sources */ = {isa = PBXBuildFile; fileRef = C87E3AEF1C01128500275AA2 /* RawOutputWindowController.swift */; };
		C87E3AF21C01128500275AA2 /* RawOutputWindowController.xib in Resources */ = {isa = PBXBuildFile; fileRef = C87E3AF01C01128500275AA2 /* RawOutputWindowController.xib */; };
		C87E3AF51C0113B100275AA2 /* TerminalOutputTextView.swift in Sources */ = {isa = PBXBuildFile; fileRef = C87E3AF41C0113B100275AA2 /* TerminalOutputTextView.swift */; };
		C87E3AF71C0113DA00275AA2 /* Styles.swift in Sources */ = {isa = PBXBuildFile; fileRef = C87E3AF61C0113DA00275AA2 /* Styles.swift */; };
		C8A0F8C01AFC524400B3A90C /* convertMovieFiletoGif.sh in Resources */ = {isa = PBXBuildFile; fileRef = C8A0F8BF1AFC4BDF00B3A90C /* convertMovieFiletoGif.sh */; };
		C8A8A7B01AF4506800E4B5D0 /* PreferencesWindowController.swift in Sources */ = {isa = PBXBuildFile; fileRef = C8A8A7AE1AF4506800E4B5D0 /* PreferencesWindowController.swift */; };
		C8A8A7B11AF4506800E4B5D0 /* PreferencesWindowController.xib in Resources */ = {isa = PBXBuildFile; fileRef = C8A8A7AF1AF4506800E4B5D0 /* PreferencesWindowController.xib */; };
		C8A8A7B31AF4A0E200E4B5D0 /* getResolutionForSerial.sh in Resources */ = {isa = PBXBuildFile; fileRef = C8A8A7B21AF4A0A400E4B5D0 /* getResolutionForSerial.sh */; };
		C8B131581AE9CE9700BCD4F3 /* Images.xcassets in Resources */ = {isa = PBXBuildFile; fileRef = C8B131571AE9CE9700BCD4F3 /* Images.xcassets */; };
		C8B1315A1AE9D47700BCD4F3 /* takeScreenshotOfDeviceWithSerial.sh in Resources */ = {isa = PBXBuildFile; fileRef = C8B131591AE9D34F00BCD4F3 /* takeScreenshotOfDeviceWithSerial.sh */; };
		C8B131891AEB10FA00BCD4F3 /* startRecordingForSerial.sh in Resources */ = {isa = PBXBuildFile; fileRef = C8B131881AEB10C800BCD4F3 /* startRecordingForSerial.sh */; };
		C8B1318B1AEB14E400BCD4F3 /* postProcessMovieForSerial.sh in Resources */ = {isa = PBXBuildFile; fileRef = C8B1318A1AEB149100BCD4F3 /* postProcessMovieForSerial.sh */; };
		C8B131961AEB3B5100BCD4F3 /* DevicePickerViewController.swift in Sources */ = {isa = PBXBuildFile; fileRef = C8B131941AEB3B5100BCD4F3 /* DevicePickerViewController.swift */; };
		C8B131971AEB3B5100BCD4F3 /* DevicePickerViewController.xib in Resources */ = {isa = PBXBuildFile; fileRef = C8B131951AEB3B5100BCD4F3 /* DevicePickerViewController.xib */; };
		C8B131991AEB641800BCD4F3 /* installApkOnDevice.sh in Resources */ = {isa = PBXBuildFile; fileRef = C8B131981AEB640900BCD4F3 /* installApkOnDevice.sh */; };
		C8B514661AE85D610071C86A /* AppDelegate.swift in Sources */ = {isa = PBXBuildFile; fileRef = C8B514651AE85D610071C86A /* AppDelegate.swift */; };
		C8B5146B1AE85D610071C86A /* MainMenu.xib in Resources */ = {isa = PBXBuildFile; fileRef = C8B514691AE85D610071C86A /* MainMenu.xib */; };
		C8B514771AE85D610071C86A /* AndroidToolTests.swift in Sources */ = {isa = PBXBuildFile; fileRef = C8B514761AE85D610071C86A /* AndroidToolTests.swift */; };
		C8B514821AE85D8B0071C86A /* MasterViewController.swift in Sources */ = {isa = PBXBuildFile; fileRef = C8B514801AE85D8B0071C86A /* MasterViewController.swift */; };
		C8B514831AE85D8B0071C86A /* MasterViewController.xib in Resources */ = {isa = PBXBuildFile; fileRef = C8B514811AE85D8B0071C86A /* MasterViewController.xib */; };
		C8B514851AE85D940071C86A /* Device.swift in Sources */ = {isa = PBXBuildFile; fileRef = C8B514841AE85D940071C86A /* Device.swift */; };
		C8B514871AE85DAE0071C86A /* DeviceDiscoverer.swift in Sources */ = {isa = PBXBuildFile; fileRef = C8B514861AE85DAE0071C86A /* DeviceDiscoverer.swift */; };
		C8B5148C1AE860EF0071C86A /* DeviceViewController.swift in Sources */ = {isa = PBXBuildFile; fileRef = C8B5148A1AE860EF0071C86A /* DeviceViewController.swift */; };
		C8B5148D1AE860EF0071C86A /* DeviceViewController.xib in Resources */ = {isa = PBXBuildFile; fileRef = C8B5148B1AE860EF0071C86A /* DeviceViewController.xib */; };
		C8B5148F1AE8703F0071C86A /* Util.swift in Sources */ = {isa = PBXBuildFile; fileRef = C8B5148E1AE8703F0071C86A /* Util.swift */; };
		C8B9D47E1AE991D300927B96 /* ShellTasker.swift in Sources */ = {isa = PBXBuildFile; fileRef = C8B9D47D1AE991D300927B96 /* ShellTasker.swift */; };
		C8B9D4801AE9B20600927B96 /* getDetailsForSerial.sh in Resources */ = {isa = PBXBuildFile; fileRef = C8B9D47C1AE9914200927B96 /* getDetailsForSerial.sh */; };
		C8B9D4841AE9B34F00927B96 /* ffmpeg in Resources */ = {isa = PBXBuildFile; fileRef = C8B9D4821AE9B34F00927B96 /* ffmpeg */; };
		C8B9D4861AE9C3A100927B96 /* getSerials.sh in Resources */ = {isa = PBXBuildFile; fileRef = C8B9D4851AE9C3A100927B96 /* getSerials.sh */; };
		C8BF506B1AFB393C005C725D /* IOSDeviceHelper.swift in Sources */ = {isa = PBXBuildFile; fileRef = C8BF506A1AFB393C005C725D /* IOSDeviceHelper.swift */; };
		C8BF506D1AFBE1E9005C725D /* takeScreenshotOfDeviceWithUUID.sh in Resources */ = {isa = PBXBuildFile; fileRef = C8BF506C1AFBE1E9005C725D /* takeScreenshotOfDeviceWithUUID.sh */; };
		C8C86BF01C50976D0087858B /* installObbForSerial.sh in Resources */ = {isa = PBXBuildFile; fileRef = C8C86BEF1C50976D0087858B /* installObbForSerial.sh */; };
		C8C86BF21C50AEEC0087858B /* ObbHandler.swift in Sources */ = {isa = PBXBuildFile; fileRef = C8C86BF11C50AEEC0087858B /* ObbHandler.swift */; };
		C8E521B31C0ED06800777117 /* getCurrentActivityForIdentifier.sh in Resources */ = {isa = PBXBuildFile; fileRef = C8E521B21C0ED06800777117 /* getCurrentActivityForIdentifier.sh */; };
		EA845C03208C5AEE006346F9 /* idevicescreenshot in Resources */ = {isa = PBXBuildFile; fileRef = EA845C02208C5AEE006346F9 /* idevicescreenshot */; };
		EA845C1E208C647B006346F9 /* libplist.dylib in Resources */ = {isa = PBXBuildFile; fileRef = EA845C12208C647A006346F9 /* libplist.dylib */; };
		EA845C1F208C647B006346F9 /* libusbmuxd.dylib in Resources */ = {isa = PBXBuildFile; fileRef = EA845C13208C647A006346F9 /* libusbmuxd.dylib */; };
		EA845C20208C647B006346F9 /* libplist.3.dylib in Resources */ = {isa = PBXBuildFile; fileRef = EA845C14208C647A006346F9 /* libplist.3.dylib */; };
		EA845C22208C647B006346F9 /* libimobiledevice.dylib in Resources */ = {isa = PBXBuildFile; fileRef = EA845C16208C647A006346F9 /* libimobiledevice.dylib */; };
		EA845C26208C647B006346F9 /* libimobiledevice.6.dylib in Resources */ = {isa = PBXBuildFile; fileRef = EA845C1A208C647A006346F9 /* libimobiledevice.6.dylib */; };
		EA845C27208C647B006346F9 /* libusbmuxd.4.dylib in Resources */ = {isa = PBXBuildFile; fileRef = EA845C1B208C647A006346F9 /* libusbmuxd.4.dylib */; };
		EABEB5FF20508B9F00DA2FC1 /* androidtool_prefix.sh in Resources */ = {isa = PBXBuildFile; fileRef = EABEB5FE20508B9E00DA2FC1 /* androidtool_prefix.sh */; };
		EABEB6012050FD2500DA2FC1 /* android-sdk in Resources */ = {isa = PBXBuildFile; fileRef = EABEB6002050FD2500DA2FC1 /* android-sdk */; };
		EABEB603205101AD00DA2FC1 /* checkEnvironment.sh in Resources */ = {isa = PBXBuildFile; fileRef = EABEB602205101A300DA2FC1 /* checkEnvironment.sh */; };
		EAD3437A222635DB000A6564 /* UserScriptsInception in Resources */ = {isa = PBXBuildFile; fileRef = EAD343762226349E000A6564 /* UserScriptsInception */; };
/* End PBXBuildFile section */

/* Begin PBXContainerItemProxy section */
		C8B514711AE85D610071C86A /* PBXContainerItemProxy */ = {
			isa = PBXContainerItemProxy;
			containerPortal = C8B514581AE85D600071C86A /* Project object */;
			proxyType = 1;
			remoteGlobalIDString = C8B5145F1AE85D610071C86A;
			remoteInfo = AndroidTool;
		};
/* End PBXContainerItemProxy section */

/* Begin PBXCopyFilesBuildPhase section */
		C8BF50721AFBE280005C725D /* CopyFiles */ = {
			isa = PBXCopyFilesBuildPhase;
			buildActionMask = 2147483647;
			dstPath = "";
			dstSubfolderSpec = 10;
			files = (
			);
			runOnlyForDeploymentPostprocessing = 0;
		};
/* End PBXCopyFilesBuildPhase section */

/* Begin PBXFileReference section */
		C83D2E081AEDD7A300CD066D /* scriptsPopoverViewController.swift */ = {isa = PBXFileReference; fileEncoding = 4; lastKnownFileType = sourcecode.swift; path = scriptsPopoverViewController.swift; sourceTree = "<group>"; };
		C84079D21C054BCF002EC6D4 /* DropReceiverView.swift */ = {isa = PBXFileReference; fileEncoding = 4; lastKnownFileType = sourcecode.swift; path = DropReceiverView.swift; sourceTree = "<group>"; };
		C84079D41C0559B7002EC6D4 /* StatusTextField.swift */ = {isa = PBXFileReference; fileEncoding = 4; lastKnownFileType = sourcecode.swift; path = StatusTextField.swift; sourceTree = "<group>"; };
		C856FFD81BFB05CD0098B1E2 /* UITweaker.swift */ = {isa = PBXFileReference; fileEncoding = 4; lastKnownFileType = sourcecode.swift; path = UITweaker.swift; sourceTree = "<group>"; };
		C856FFDB1BFB095E0098B1E2 /* exitDemoMode.sh */ = {isa = PBXFileReference; lastKnownFileType = text.script.sh; path = exitDemoMode.sh; sourceTree = "<group>"; };
		C856FFDC1BFB0A520098B1E2 /* setDemoModeOptions.sh */ = {isa = PBXFileReference; lastKnownFileType = text.script.sh; path = setDemoModeOptions.sh; sourceTree = "<group>"; };
		C856FFDD1BFB91110098B1E2 /* C.swift */ = {isa = PBXFileReference; fileEncoding = 4; lastKnownFileType = sourcecode.swift; path = C.swift; sourceTree = "<group>"; };
		C8595D191BF5C1EE00805042 /* WindowMoverView.swift */ = {isa = PBXFileReference; fileEncoding = 4; lastKnownFileType = sourcecode.swift; path = WindowMoverView.swift; sourceTree = "<group>"; };
		C8595D1B1BF5C8B000805042 /* WindowMoverScrollview.swift */ = {isa = PBXFileReference; fileEncoding = 4; lastKnownFileType = sourcecode.swift; path = WindowMoverScrollview.swift; sourceTree = "<group>"; };
		C8595D1D1BF5C95500805042 /* WindowMoverTableCellView.swift */ = {isa = PBXFileReference; fileEncoding = 4; lastKnownFileType = sourcecode.swift; path = WindowMoverTableCellView.swift; sourceTree = "<group>"; };
		C8595D1F1BF660E100805042 /* WIndowMoverImageView.swift */ = {isa = PBXFileReference; fileEncoding = 4; lastKnownFileType = sourcecode.swift; path = WIndowMoverImageView.swift; sourceTree = "<group>"; };
		C8595D211BF6A55700805042 /* Constants.swift */ = {isa = PBXFileReference; fileEncoding = 4; lastKnownFileType = sourcecode.swift; path = Constants.swift; sourceTree = "<group>"; };
		C86C15F81C1395DC00E22CEC /* getApkInfo.sh */ = {isa = PBXFileReference; fileEncoding = 4; lastKnownFileType = text.script.sh; path = getApkInfo.sh; sourceTree = "<group>"; };
		C86C15FA1C1395F700E22CEC /* installZip.sh */ = {isa = PBXFileReference; fileEncoding = 4; lastKnownFileType = text.script.sh; path = installZip.sh; sourceTree = "<group>"; };
		C86C15FE1C13993400E22CEC /* ApkHandler.swift */ = {isa = PBXFileReference; fileEncoding = 4; lastKnownFileType = sourcecode.swift; path = ApkHandler.swift; sourceTree = "<group>"; };
		C86C16001C13997100E22CEC /* Apk.swift */ = {isa = PBXFileReference; fileEncoding = 4; lastKnownFileType = sourcecode.swift; path = Apk.swift; sourceTree = "<group>"; };
		C86C16021C139B8F00E22CEC /* launchActivity.sh */ = {isa = PBXFileReference; fileEncoding = 4; lastKnownFileType = text.script.sh; path = launchActivity.sh; sourceTree = "<group>"; };
		C86C16041C13B4B900E22CEC /* uninstallPackageOnDevice.sh */ = {isa = PBXFileReference; fileEncoding = 4; lastKnownFileType = text.script.sh; path = uninstallPackageOnDevice.sh; sourceTree = "<group>"; };
		C86C16061C14BA5100E22CEC /* CameraButton.swift */ = {isa = PBXFileReference; fileEncoding = 4; lastKnownFileType = sourcecode.swift; path = CameraButton.swift; sourceTree = "<group>"; };
		C86C16081C14F7F700E22CEC /* extractIconFromApk.sh */ = {isa = PBXFileReference; fileEncoding = 4; lastKnownFileType = text.script.sh; path = extractIconFromApk.sh; sourceTree = "<group>"; };
		C86C160A1C1511B800E22CEC /* DropPassThroughImageView.swift */ = {isa = PBXFileReference; fileEncoding = 4; lastKnownFileType = sourcecode.swift; path = DropPassThroughImageView.swift; sourceTree = "<group>"; };
		C86C160C1C15241B00E22CEC /* MovableButton.swift */ = {isa = PBXFileReference; fileEncoding = 4; lastKnownFileType = sourcecode.swift; path = MovableButton.swift; sourceTree = "<group>"; };
		C86C162B1C165B5E00E22CEC /* ZipHandler.swift */ = {isa = PBXFileReference; fileEncoding = 4; lastKnownFileType = sourcecode.swift; path = ZipHandler.swift; sourceTree = "<group>"; };
		C86DF2A51AFF2D7300AEBDF5 /* previewPopoverViewController.swift */ = {isa = PBXFileReference; fileEncoding = 4; lastKnownFileType = sourcecode.swift; path = previewPopoverViewController.swift; sourceTree = "<group>"; };
		C87E3AE61BFF7DBB00275AA2 /* LoaderView.swift */ = {isa = PBXFileReference; fileEncoding = 4; lastKnownFileType = sourcecode.swift; path = LoaderView.swift; sourceTree = "<group>"; };
		C87E3AEF1C01128500275AA2 /* RawOutputWindowController.swift */ = {isa = PBXFileReference; fileEncoding = 4; lastKnownFileType = sourcecode.swift; path = RawOutputWindowController.swift; sourceTree = "<group>"; };
		C87E3AF01C01128500275AA2 /* RawOutputWindowController.xib */ = {isa = PBXFileReference; fileEncoding = 4; lastKnownFileType = file.xib; path = RawOutputWindowController.xib; sourceTree = "<group>"; };
		C87E3AF41C0113B100275AA2 /* TerminalOutputTextView.swift */ = {isa = PBXFileReference; fileEncoding = 4; lastKnownFileType = sourcecode.swift; path = TerminalOutputTextView.swift; sourceTree = "<group>"; };
		C87E3AF61C0113DA00275AA2 /* Styles.swift */ = {isa = PBXFileReference; fileEncoding = 4; lastKnownFileType = sourcecode.swift; path = Styles.swift; sourceTree = "<group>"; };
		C8A0F8BF1AFC4BDF00B3A90C /* convertMovieFiletoGif.sh */ = {isa = PBXFileReference; lastKnownFileType = text.script.sh; path = convertMovieFiletoGif.sh; sourceTree = "<group>"; };
		C8A8A7AE1AF4506800E4B5D0 /* PreferencesWindowController.swift */ = {isa = PBXFileReference; fileEncoding = 4; lastKnownFileType = sourcecode.swift; path = PreferencesWindowController.swift; sourceTree = "<group>"; };
		C8A8A7AF1AF4506800E4B5D0 /* PreferencesWindowController.xib */ = {isa = PBXFileReference; fileEncoding = 4; lastKnownFileType = file.xib; path = PreferencesWindowController.xib; sourceTree = "<group>"; };
		C8A8A7B21AF4A0A400E4B5D0 /* getResolutionForSerial.sh */ = {isa = PBXFileReference; lastKnownFileType = text.script.sh; path = getResolutionForSerial.sh; sourceTree = "<group>"; };
		C8B131571AE9CE9700BCD4F3 /* Images.xcassets */ = {isa = PBXFileReference; lastKnownFileType = folder.assetcatalog; path = Images.xcassets; sourceTree = "<group>"; };
		C8B131591AE9D34F00BCD4F3 /* takeScreenshotOfDeviceWithSerial.sh */ = {isa = PBXFileReference; lastKnownFileType = text.script.sh; path = takeScreenshotOfDeviceWithSerial.sh; sourceTree = "<group>"; };
		C8B131881AEB10C800BCD4F3 /* startRecordingForSerial.sh */ = {isa = PBXFileReference; lastKnownFileType = text.script.sh; path = startRecordingForSerial.sh; sourceTree = "<group>"; };
		C8B1318A1AEB149100BCD4F3 /* postProcessMovieForSerial.sh */ = {isa = PBXFileReference; lastKnownFileType = text.script.sh; path = postProcessMovieForSerial.sh; sourceTree = "<group>"; };
		C8B131941AEB3B5100BCD4F3 /* DevicePickerViewController.swift */ = {isa = PBXFileReference; fileEncoding = 4; lastKnownFileType = sourcecode.swift; path = DevicePickerViewController.swift; sourceTree = "<group>"; };
		C8B131951AEB3B5100BCD4F3 /* DevicePickerViewController.xib */ = {isa = PBXFileReference; fileEncoding = 4; lastKnownFileType = file.xib; path = DevicePickerViewController.xib; sourceTree = "<group>"; };
		C8B131981AEB640900BCD4F3 /* installApkOnDevice.sh */ = {isa = PBXFileReference; lastKnownFileType = text.script.sh; path = installApkOnDevice.sh; sourceTree = "<group>"; };
		C8B514601AE85D610071C86A /* AndroidTool.app */ = {isa = PBXFileReference; explicitFileType = wrapper.application; includeInIndex = 0; path = AndroidTool.app; sourceTree = BUILT_PRODUCTS_DIR; };
		C8B514641AE85D610071C86A /* Info.plist */ = {isa = PBXFileReference; lastKnownFileType = text.plist.xml; path = Info.plist; sourceTree = "<group>"; };
		C8B514651AE85D610071C86A /* AppDelegate.swift */ = {isa = PBXFileReference; lastKnownFileType = sourcecode.swift; path = AppDelegate.swift; sourceTree = "<group>"; };
		C8B5146A1AE85D610071C86A /* Base */ = {isa = PBXFileReference; lastKnownFileType = file.xib; name = Base; path = Base.lproj/MainMenu.xib; sourceTree = "<group>"; };
		C8B514701AE85D610071C86A /* AndroidToolTests.xctest */ = {isa = PBXFileReference; explicitFileType = wrapper.cfbundle; includeInIndex = 0; path = AndroidToolTests.xctest; sourceTree = BUILT_PRODUCTS_DIR; };
		C8B514751AE85D610071C86A /* Info.plist */ = {isa = PBXFileReference; lastKnownFileType = text.plist.xml; path = Info.plist; sourceTree = "<group>"; };
		C8B514761AE85D610071C86A /* AndroidToolTests.swift */ = {isa = PBXFileReference; lastKnownFileType = sourcecode.swift; path = AndroidToolTests.swift; sourceTree = "<group>"; };
		C8B514801AE85D8B0071C86A /* MasterViewController.swift */ = {isa = PBXFileReference; fileEncoding = 4; lastKnownFileType = sourcecode.swift; path = MasterViewController.swift; sourceTree = "<group>"; };
		C8B514811AE85D8B0071C86A /* MasterViewController.xib */ = {isa = PBXFileReference; fileEncoding = 4; lastKnownFileType = file.xib; path = MasterViewController.xib; sourceTree = "<group>"; };
		C8B514841AE85D940071C86A /* Device.swift */ = {isa = PBXFileReference; fileEncoding = 4; lastKnownFileType = sourcecode.swift; path = Device.swift; sourceTree = "<group>"; };
		C8B514861AE85DAE0071C86A /* DeviceDiscoverer.swift */ = {isa = PBXFileReference; fileEncoding = 4; lastKnownFileType = sourcecode.swift; path = DeviceDiscoverer.swift; sourceTree = "<group>"; };
		C8B514881AE85E9B0071C86A /* getprop-example.txt */ = {isa = PBXFileReference; fileEncoding = 4; lastKnownFileType = text; path = "getprop-example.txt"; sourceTree = "<group>"; };
		C8B5148A1AE860EF0071C86A /* DeviceViewController.swift */ = {isa = PBXFileReference; fileEncoding = 4; lastKnownFileType = sourcecode.swift; path = DeviceViewController.swift; sourceTree = "<group>"; };
		C8B5148B1AE860EF0071C86A /* DeviceViewController.xib */ = {isa = PBXFileReference; fileEncoding = 4; lastKnownFileType = file.xib; path = DeviceViewController.xib; sourceTree = "<group>"; };
		C8B5148E1AE8703F0071C86A /* Util.swift */ = {isa = PBXFileReference; fileEncoding = 4; lastKnownFileType = sourcecode.swift; path = Util.swift; sourceTree = "<group>"; };
		C8B9D47C1AE9914200927B96 /* getDetailsForSerial.sh */ = {isa = PBXFileReference; lastKnownFileType = text.script.sh; path = getDetailsForSerial.sh; sourceTree = "<group>"; };
		C8B9D47D1AE991D300927B96 /* ShellTasker.swift */ = {isa = PBXFileReference; fileEncoding = 4; lastKnownFileType = sourcecode.swift; path = ShellTasker.swift; sourceTree = "<group>"; };
		C8B9D47F1AE9AEA800927B96 /* MyPlayground.playground */ = {isa = PBXFileReference; lastKnownFileType = file.playground; path = MyPlayground.playground; sourceTree = "<group>"; xcLanguageSpecificationIdentifier = xcode.lang.swift; };
		C8B9D4821AE9B34F00927B96 /* ffmpeg */ = {isa = PBXFileReference; lastKnownFileType = "compiled.mach-o.executable"; path = ffmpeg; sourceTree = "<group>"; };
		C8B9D4851AE9C3A100927B96 /* getSerials.sh */ = {isa = PBXFileReference; fileEncoding = 4; lastKnownFileType = text.script.sh; path = getSerials.sh; sourceTree = "<group>"; };
		C8BF506A1AFB393C005C725D /* IOSDeviceHelper.swift */ = {isa = PBXFileReference; fileEncoding = 4; lastKnownFileType = sourcecode.swift; path = IOSDeviceHelper.swift; sourceTree = "<group>"; };
		C8BF506C1AFBE1E9005C725D /* takeScreenshotOfDeviceWithUUID.sh */ = {isa = PBXFileReference; fileEncoding = 4; lastKnownFileType = text.script.sh; path = takeScreenshotOfDeviceWithUUID.sh; sourceTree = "<group>"; };
		C8C86BEF1C50976D0087858B /* installObbForSerial.sh */ = {isa = PBXFileReference; fileEncoding = 4; lastKnownFileType = text.script.sh; path = installObbForSerial.sh; sourceTree = "<group>"; };
		C8C86BF11C50AEEC0087858B /* ObbHandler.swift */ = {isa = PBXFileReference; fileEncoding = 4; lastKnownFileType = sourcecode.swift; path = ObbHandler.swift; sourceTree = "<group>"; };
		C8E521B21C0ED06800777117 /* getCurrentActivityForIdentifier.sh */ = {isa = PBXFileReference; fileEncoding = 4; lastKnownFileType = text.script.sh; path = getCurrentActivityForIdentifier.sh; sourceTree = "<group>"; };
		EA845C02208C5AEE006346F9 /* idevicescreenshot */ = {isa = PBXFileReference; lastKnownFileType = "compiled.mach-o.executable"; path = idevicescreenshot; sourceTree = "<group>"; };
		EA845C12208C647A006346F9 /* libplist.dylib */ = {isa = PBXFileReference; lastKnownFileType = "compiled.mach-o.dylib"; path = libplist.dylib; sourceTree = "<group>"; };
		EA845C13208C647A006346F9 /* libusbmuxd.dylib */ = {isa = PBXFileReference; lastKnownFileType = "compiled.mach-o.dylib"; path = libusbmuxd.dylib; sourceTree = "<group>"; };
		EA845C14208C647A006346F9 /* libplist.3.dylib */ = {isa = PBXFileReference; lastKnownFileType = "compiled.mach-o.dylib"; path = libplist.3.dylib; sourceTree = "<group>"; };
		EA845C16208C647A006346F9 /* libimobiledevice.dylib */ = {isa = PBXFileReference; lastKnownFileType = "compiled.mach-o.dylib"; path = libimobiledevice.dylib; sourceTree = "<group>"; };
		EA845C1A208C647A006346F9 /* libimobiledevice.6.dylib */ = {isa = PBXFileReference; lastKnownFileType = "compiled.mach-o.dylib"; path = libimobiledevice.6.dylib; sourceTree = "<group>"; };
		EA845C1B208C647A006346F9 /* libusbmuxd.4.dylib */ = {isa = PBXFileReference; lastKnownFileType = "compiled.mach-o.dylib"; path = libusbmuxd.4.dylib; sourceTree = "<group>"; };
		EABEB5FE20508B9E00DA2FC1 /* androidtool_prefix.sh */ = {isa = PBXFileReference; fileEncoding = 4; lastKnownFileType = text.script.sh; path = androidtool_prefix.sh; sourceTree = "<group>"; };
		EABEB6002050FD2500DA2FC1 /* android-sdk */ = {isa = PBXFileReference; lastKnownFileType = folder; path = "android-sdk"; sourceTree = "<group>"; };
		EABEB602205101A300DA2FC1 /* checkEnvironment.sh */ = {isa = PBXFileReference; lastKnownFileType = text.script.sh; path = checkEnvironment.sh; sourceTree = "<group>"; };
		EAD343762226349E000A6564 /* UserScriptsInception */ = {isa = PBXFileReference; lastKnownFileType = folder; path = UserScriptsInception; sourceTree = "<group>"; };
/* End PBXFileReference section */

/* Begin PBXFrameworksBuildPhase section */
		C8B5145D1AE85D610071C86A /* Frameworks */ = {
			isa = PBXFrameworksBuildPhase;
			buildActionMask = 2147483647;
			files = (
			);
			runOnlyForDeploymentPostprocessing = 0;
		};
		C8B5146D1AE85D610071C86A /* Frameworks */ = {
			isa = PBXFrameworksBuildPhase;
			buildActionMask = 2147483647;
			files = (
			);
			runOnlyForDeploymentPostprocessing = 0;
		};
/* End PBXFrameworksBuildPhase section */

/* Begin PBXGroup section */
		C87E3AE51BFF779100275AA2 /* UI */ = {
			isa = PBXGroup;
			children = (
				C8B5148B1AE860EF0071C86A /* DeviceViewController.xib */,
				C84079D21C054BCF002EC6D4 /* DropReceiverView.swift */,
				C87E3AE61BFF7DBB00275AA2 /* LoaderView.swift */,
				C8B514811AE85D8B0071C86A /* MasterViewController.xib */,
				C8B131951AEB3B5100BCD4F3 /* DevicePickerViewController.xib */,
				C8B514691AE85D610071C86A /* MainMenu.xib */,
			);
			name = UI;
			sourceTree = "<group>";
		};
		C87E3AEE1C01120900275AA2 /* Terminal output window */ = {
			isa = PBXGroup;
			children = (
				C87E3AF41C0113B100275AA2 /* TerminalOutputTextView.swift */,
				C87E3AEF1C01128500275AA2 /* RawOutputWindowController.swift */,
				C87E3AF01C01128500275AA2 /* RawOutputWindowController.xib */,
			);
			name = "Terminal output window";
			sourceTree = "<group>";
		};
		C8B514571AE85D600071C86A = {
			isa = PBXGroup;
			children = (
				C8B514621AE85D610071C86A /* AndroidTool */,
				C8B514731AE85D610071C86A /* AndroidToolTests */,
				C8B514611AE85D610071C86A /* Products */,
			);
			sourceTree = "<group>";
		};
		C8B514611AE85D610071C86A /* Products */ = {
			isa = PBXGroup;
			children = (
				C8B514601AE85D610071C86A /* AndroidTool.app */,
				C8B514701AE85D610071C86A /* AndroidToolTests.xctest */,
			);
			name = Products;
			sourceTree = "<group>";
		};
		C8B514621AE85D610071C86A /* AndroidTool */ = {
			isa = PBXGroup;
			children = (
				C8B514631AE85D610071C86A /* Supporting Files */,
				C87E3AEE1C01120900275AA2 /* Terminal output window */,
				C87E3AE51BFF779100275AA2 /* UI */,
				EA17FA8720863F2800CF8033 /* preferences */,
				EA17FA8B2086425600CF8033 /* view */,
				EA17FA892086413A00CF8033 /* window_mover */,
				C8B514651AE85D610071C86A /* AppDelegate.swift */,
				C87E3AF61C0113DA00275AA2 /* Styles.swift */,
				C8B9D47D1AE991D300927B96 /* ShellTasker.swift */,
				C8B514801AE85D8B0071C86A /* MasterViewController.swift */,
				C8C86BF11C50AEEC0087858B /* ObbHandler.swift */,
				C856FFD81BFB05CD0098B1E2 /* UITweaker.swift */,
				C8B5148E1AE8703F0071C86A /* Util.swift */,
				C8BF506A1AFB393C005C725D /* IOSDeviceHelper.swift */,
				C8B131941AEB3B5100BCD4F3 /* DevicePickerViewController.swift */,
				C8B5148A1AE860EF0071C86A /* DeviceViewController.swift */,
				C86C15FE1C13993400E22CEC /* ApkHandler.swift */,
				C83D2E081AEDD7A300CD066D /* scriptsPopoverViewController.swift */,
				C86DF2A51AFF2D7300AEBDF5 /* previewPopoverViewController.swift */,
				C8B514841AE85D940071C86A /* Device.swift */,
				C8B514861AE85DAE0071C86A /* DeviceDiscoverer.swift */,
				C8595D211BF6A55700805042 /* Constants.swift */,
				C856FFDD1BFB91110098B1E2 /* C.swift */,
				C86C16001C13997100E22CEC /* Apk.swift */,
				C86C16061C14BA5100E22CEC /* CameraButton.swift */,
				C86C160C1C15241B00E22CEC /* MovableButton.swift */,
				C86C162B1C165B5E00E22CEC /* ZipHandler.swift */,
			);
			path = AndroidTool;
			sourceTree = "<group>";
		};
		C8B514631AE85D610071C86A /* Supporting Files */ = {
			isa = PBXGroup;
			children = (
				C8B514881AE85E9B0071C86A /* getprop-example.txt */,
				EAD1CE5C2047312100B8F557 /* Scripts */,
				EA17FA8820863F7600CF8033 /* libmobile */,
				EABEB6002050FD2500DA2FC1 /* android-sdk */,
				EAD343762226349E000A6564 /* UserScriptsInception */,
				C8B9D47F1AE9AEA800927B96 /* MyPlayground.playground */,
				C8B131571AE9CE9700BCD4F3 /* Images.xcassets */,
				C8B514641AE85D610071C86A /* Info.plist */,
			);
			name = "Supporting Files";
			sourceTree = "<group>";
		};
		C8B514731AE85D610071C86A /* AndroidToolTests */ = {
			isa = PBXGroup;
			children = (
				C8B514761AE85D610071C86A /* AndroidToolTests.swift */,
				C8B514741AE85D610071C86A /* Supporting Files */,
			);
			path = AndroidToolTests;
			sourceTree = "<group>";
		};
		C8B514741AE85D610071C86A /* Supporting Files */ = {
			isa = PBXGroup;
			children = (
				C8B514751AE85D610071C86A /* Info.plist */,
			);
			name = "Supporting Files";
			sourceTree = "<group>";
		};
		EA17FA8720863F2800CF8033 /* preferences */ = {
			isa = PBXGroup;
			children = (
				C8A8A7AE1AF4506800E4B5D0 /* PreferencesWindowController.swift */,
				C8A8A7AF1AF4506800E4B5D0 /* PreferencesWindowController.xib */,
			);
			path = preferences;
			sourceTree = "<group>";
		};
		EA17FA8820863F7600CF8033 /* libmobile */ = {
			isa = PBXGroup;
			children = (
				EA845C02208C5AEE006346F9 /* idevicescreenshot */,
				EA845C1A208C647A006346F9 /* libimobiledevice.6.dylib */,
				EA845C16208C647A006346F9 /* libimobiledevice.dylib */,
				EA845C14208C647A006346F9 /* libplist.3.dylib */,
				EA845C12208C647A006346F9 /* libplist.dylib */,
				EA845C1B208C647A006346F9 /* libusbmuxd.4.dylib */,
				EA845C13208C647A006346F9 /* libusbmuxd.dylib */,
			);
			path = libmobile;
			sourceTree = "<group>";
		};
		EA17FA892086413A00CF8033 /* window_mover */ = {
			isa = PBXGroup;
			children = (
				C8595D1B1BF5C8B000805042 /* WindowMoverScrollview.swift */,
				C8595D1D1BF5C95500805042 /* WindowMoverTableCellView.swift */,
				C8595D1F1BF660E100805042 /* WIndowMoverImageView.swift */,
				C8595D191BF5C1EE00805042 /* WindowMoverView.swift */,
			);
			path = window_mover;
			sourceTree = "<group>";
		};
		EA17FA8B2086425600CF8033 /* view */ = {
			isa = PBXGroup;
			children = (
				C86C160A1C1511B800E22CEC /* DropPassThroughImageView.swift */,
				C84079D41C0559B7002EC6D4 /* StatusTextField.swift */,
			);
			path = view;
			sourceTree = "<group>";
		};
		EAD1CE5C2047312100B8F557 /* Scripts */ = {
			isa = PBXGroup;
			children = (
				C8B9D4821AE9B34F00927B96 /* ffmpeg */,
				EABEB5FE20508B9E00DA2FC1 /* androidtool_prefix.sh */,
				EABEB602205101A300DA2FC1 /* checkEnvironment.sh */,
				C8B131591AE9D34F00BCD4F3 /* takeScreenshotOfDeviceWithSerial.sh */,
				C8BF506C1AFBE1E9005C725D /* takeScreenshotOfDeviceWithUUID.sh */,
				C8B131881AEB10C800BCD4F3 /* startRecordingForSerial.sh */,
				C8B1318A1AEB149100BCD4F3 /* postProcessMovieForSerial.sh */,
				C8A0F8BF1AFC4BDF00B3A90C /* convertMovieFiletoGif.sh */,
				C8B131981AEB640900BCD4F3 /* installApkOnDevice.sh */,
				C856FFDB1BFB095E0098B1E2 /* exitDemoMode.sh */,
				C856FFDC1BFB0A520098B1E2 /* setDemoModeOptions.sh */,
				C8E521B21C0ED06800777117 /* getCurrentActivityForIdentifier.sh */,
				C86C16041C13B4B900E22CEC /* uninstallPackageOnDevice.sh */,
				C86C16081C14F7F700E22CEC /* extractIconFromApk.sh */,
				C86C16021C139B8F00E22CEC /* launchActivity.sh */,
				C86C15FA1C1395F700E22CEC /* installZip.sh */,
				C86C15F81C1395DC00E22CEC /* getApkInfo.sh */,
				C8C86BEF1C50976D0087858B /* installObbForSerial.sh */,
				C8B9D47C1AE9914200927B96 /* getDetailsForSerial.sh */,
				C8A8A7B21AF4A0A400E4B5D0 /* getResolutionForSerial.sh */,
				C8B9D4851AE9C3A100927B96 /* getSerials.sh */,
			);
			path = Scripts;
			sourceTree = "<group>";
		};
/* End PBXGroup section */

/* Begin PBXNativeTarget section */
		C8B5145F1AE85D610071C86A /* AndroidTool */ = {
			isa = PBXNativeTarget;
			buildConfigurationList = C8B5147A1AE85D610071C86A /* Build configuration list for PBXNativeTarget "AndroidTool" */;
			buildPhases = (
				C8B5145C1AE85D610071C86A /* Sources */,
				C8B5145D1AE85D610071C86A /* Frameworks */,
				C8B5145E1AE85D610071C86A /* Resources */,
				C8BF50721AFBE280005C725D /* CopyFiles */,
			);
			buildRules = (
			);
			dependencies = (
			);
			name = AndroidTool;
			productName = AndroidTool;
			productReference = C8B514601AE85D610071C86A /* AndroidTool.app */;
			productType = "com.apple.product-type.application";
		};
		C8B5146F1AE85D610071C86A /* AndroidToolTests */ = {
			isa = PBXNativeTarget;
			buildConfigurationList = C8B5147D1AE85D610071C86A /* Build configuration list for PBXNativeTarget "AndroidToolTests" */;
			buildPhases = (
				C8B5146C1AE85D610071C86A /* Sources */,
				C8B5146D1AE85D610071C86A /* Frameworks */,
				C8B5146E1AE85D610071C86A /* Resources */,
			);
			buildRules = (
			);
			dependencies = (
				C8B514721AE85D610071C86A /* PBXTargetDependency */,
			);
			name = AndroidToolTests;
			productName = AndroidToolTests;
			productReference = C8B514701AE85D610071C86A /* AndroidToolTests.xctest */;
			productType = "com.apple.product-type.bundle.unit-test";
		};
/* End PBXNativeTarget section */

/* Begin PBXProject section */
		C8B514581AE85D600071C86A /* Project object */ = {
			isa = PBXProject;
			attributes = {
				LastSwiftMigration = 0710;
				LastSwiftUpdateCheck = 0710;
				LastUpgradeCheck = 1010;
				ORGANIZATIONNAME = "Morten Just Petersen";
				TargetAttributes = {
					C8B5145F1AE85D610071C86A = {
						CreatedOnToolsVersion = 6.3;
						DevelopmentTeam = UDGLB23X37;
						LastSwiftMigration = 0920;
					};
					C8B5146F1AE85D610071C86A = {
						CreatedOnToolsVersion = 6.3;
						LastSwiftMigration = 0920;
						TestTargetID = C8B5145F1AE85D610071C86A;
					};
				};
			};
			buildConfigurationList = C8B5145B1AE85D600071C86A /* Build configuration list for PBXProject "AndroidTool" */;
			compatibilityVersion = "Xcode 3.2";
			developmentRegion = English;
			hasScannedForEncodings = 0;
			knownRegions = (
				en,
				Base,
			);
			mainGroup = C8B514571AE85D600071C86A;
			productRefGroup = C8B514611AE85D610071C86A /* Products */;
			projectDirPath = "";
			projectRoot = "";
			targets = (
				C8B5145F1AE85D610071C86A /* AndroidTool */,
				C8B5146F1AE85D610071C86A /* AndroidToolTests */,
			);
		};
/* End PBXProject section */

/* Begin PBXResourcesBuildPhase section */
		C8B5145E1AE85D610071C86A /* Resources */ = {
			isa = PBXResourcesBuildPhase;
			buildActionMask = 2147483647;
			files = (
				EA845C22208C647B006346F9 /* libimobiledevice.dylib in Resources */,
				EA845C1E208C647B006346F9 /* libplist.dylib in Resources */,
				EA845C1F208C647B006346F9 /* libusbmuxd.dylib in Resources */,
				EA845C27208C647B006346F9 /* libusbmuxd.4.dylib in Resources */,
				EA845C26208C647B006346F9 /* libimobiledevice.6.dylib in Resources */,
				EA845C20208C647B006346F9 /* libplist.3.dylib in Resources */,
				C856FFDF1BFDA61A0098B1E2 /* exitDemoMode.sh in Resources */,
				C86C16031C139B8F00E22CEC /* launchActivity.sh in Resources */,
				C856FFE01BFDA61A0098B1E2 /* setDemoModeOptions.sh in Resources */,
				C86C16091C14F7F700E22CEC /* extractIconFromApk.sh in Resources */,
				EABEB5FF20508B9F00DA2FC1 /* androidtool_prefix.sh in Resources */,
				C8A0F8C01AFC524400B3A90C /* convertMovieFiletoGif.sh in Resources */,
				EA845C03208C5AEE006346F9 /* idevicescreenshot in Resources */,
				C86C15FB1C1395F700E22CEC /* installZip.sh in Resources */,
				C86C16051C13B4B900E22CEC /* uninstallPackageOnDevice.sh in Resources */,
				EABEB603205101AD00DA2FC1 /* checkEnvironment.sh in Resources */,
				C86C15F91C1395DC00E22CEC /* getApkInfo.sh in Resources */,
				C8A8A7B31AF4A0E200E4B5D0 /* getResolutionForSerial.sh in Resources */,
				C8B131991AEB641800BCD4F3 /* installApkOnDevice.sh in Resources */,
				C8B1318B1AEB14E400BCD4F3 /* postProcessMovieForSerial.sh in Resources */,
				C8B131971AEB3B5100BCD4F3 /* DevicePickerViewController.xib in Resources */,
				C8C86BF01C50976D0087858B /* installObbForSerial.sh in Resources */,
				EABEB6012050FD2500DA2FC1 /* android-sdk in Resources */,
				EAD3437A222635DB000A6564 /* UserScriptsInception in Resources */,
				C87E3AF21C01128500275AA2 /* RawOutputWindowController.xib in Resources */,
				C8B131891AEB10FA00BCD4F3 /* startRecordingForSerial.sh in Resources */,
				C8B1315A1AE9D47700BCD4F3 /* takeScreenshotOfDeviceWithSerial.sh in Resources */,
				C8B131581AE9CE9700BCD4F3 /* Images.xcassets in Resources */,
				C8B9D4801AE9B20600927B96 /* getDetailsForSerial.sh in Resources */,
				C8B9D4861AE9C3A100927B96 /* getSerials.sh in Resources */,
				C8B5146B1AE85D610071C86A /* MainMenu.xib in Resources */,
				C8E521B31C0ED06800777117 /* getCurrentActivityForIdentifier.sh in Resources */,
				C8BF506D1AFBE1E9005C725D /* takeScreenshotOfDeviceWithUUID.sh in Resources */,
				C8B9D4841AE9B34F00927B96 /* ffmpeg in Resources */,
				C8B5148D1AE860EF0071C86A /* DeviceViewController.xib in Resources */,
				C8B514831AE85D8B0071C86A /* MasterViewController.xib in Resources */,
				C8A8A7B11AF4506800E4B5D0 /* PreferencesWindowController.xib in Resources */,
			);
			runOnlyForDeploymentPostprocessing = 0;
		};
		C8B5146E1AE85D610071C86A /* Resources */ = {
			isa = PBXResourcesBuildPhase;
			buildActionMask = 2147483647;
			files = (
			);
			runOnlyForDeploymentPostprocessing = 0;
		};
/* End PBXResourcesBuildPhase section */

/* Begin PBXSourcesBuildPhase section */
		C8B5145C1AE85D610071C86A /* Sources */ = {
			isa = PBXSourcesBuildPhase;
			buildActionMask = 2147483647;
			files = (
				C86C160D1C15241B00E22CEC /* MovableButton.swift in Sources */,
				C8B131961AEB3B5100BCD4F3 /* DevicePickerViewController.swift in Sources */,
				C8595D221BF6A55700805042 /* Constants.swift in Sources */,
				C87E3AF51C0113B100275AA2 /* TerminalOutputTextView.swift in Sources */,
				C86DF2A61AFF2D7300AEBDF5 /* previewPopoverViewController.swift in Sources */,
				C8B514851AE85D940071C86A /* Device.swift in Sources */,
				C86C15FF1C13993400E22CEC /* ApkHandler.swift in Sources */,
				C86C16071C14BA5100E22CEC /* CameraButton.swift in Sources */,
				C84079D51C0559B7002EC6D4 /* StatusTextField.swift in Sources */,
				C856FFDE1BFB91110098B1E2 /* C.swift in Sources */,
				C8595D1E1BF5C95500805042 /* WindowMoverTableCellView.swift in Sources */,
				C86C16011C13997100E22CEC /* Apk.swift in Sources */,
				C8595D201BF660E100805042 /* WIndowMoverImageView.swift in Sources */,
				C87E3AF71C0113DA00275AA2 /* Styles.swift in Sources */,
				C8A8A7B01AF4506800E4B5D0 /* PreferencesWindowController.swift in Sources */,
				C856FFD91BFB05CD0098B1E2 /* UITweaker.swift in Sources */,
				C8B5148F1AE8703F0071C86A /* Util.swift in Sources */,
				C8595D1C1BF5C8B000805042 /* WindowMoverScrollview.swift in Sources */,
				C8B514821AE85D8B0071C86A /* MasterViewController.swift in Sources */,
				C8BF506B1AFB393C005C725D /* IOSDeviceHelper.swift in Sources */,
				C86C162C1C165B5E00E22CEC /* ZipHandler.swift in Sources */,
				C83D2E091AEDD7A300CD066D /* scriptsPopoverViewController.swift in Sources */,
				C8B9D47E1AE991D300927B96 /* ShellTasker.swift in Sources */,
				C8B5148C1AE860EF0071C86A /* DeviceViewController.swift in Sources */,
				C8B514661AE85D610071C86A /* AppDelegate.swift in Sources */,
				C87E3AE71BFF7DBB00275AA2 /* LoaderView.swift in Sources */,
				C8595D1A1BF5C1EE00805042 /* WindowMoverView.swift in Sources */,
				C8B514871AE85DAE0071C86A /* DeviceDiscoverer.swift in Sources */,
				C8C86BF21C50AEEC0087858B /* ObbHandler.swift in Sources */,
				C84079D31C054BCF002EC6D4 /* DropReceiverView.swift in Sources */,
				C87E3AF11C01128500275AA2 /* RawOutputWindowController.swift in Sources */,
				C86C160B1C1511B800E22CEC /* DropPassThroughImageView.swift in Sources */,
			);
			runOnlyForDeploymentPostprocessing = 0;
		};
		C8B5146C1AE85D610071C86A /* Sources */ = {
			isa = PBXSourcesBuildPhase;
			buildActionMask = 2147483647;
			files = (
				C8B514771AE85D610071C86A /* AndroidToolTests.swift in Sources */,
			);
			runOnlyForDeploymentPostprocessing = 0;
		};
/* End PBXSourcesBuildPhase section */

/* Begin PBXTargetDependency section */
		C8B514721AE85D610071C86A /* PBXTargetDependency */ = {
			isa = PBXTargetDependency;
			target = C8B5145F1AE85D610071C86A /* AndroidTool */;
			targetProxy = C8B514711AE85D610071C86A /* PBXContainerItemProxy */;
		};
/* End PBXTargetDependency section */

/* Begin PBXVariantGroup section */
		C8B514691AE85D610071C86A /* MainMenu.xib */ = {
			isa = PBXVariantGroup;
			children = (
				C8B5146A1AE85D610071C86A /* Base */,
			);
			name = MainMenu.xib;
			sourceTree = "<group>";
		};
/* End PBXVariantGroup section */

/* Begin XCBuildConfiguration section */
		C8B514781AE85D610071C86A /* Debug */ = {
			isa = XCBuildConfiguration;
			buildSettings = {
				ALWAYS_SEARCH_USER_PATHS = NO;
				CLANG_CXX_LANGUAGE_STANDARD = "gnu++0x";
				CLANG_CXX_LIBRARY = "libc++";
				CLANG_ENABLE_MODULES = YES;
				CLANG_ENABLE_OBJC_ARC = YES;
				CLANG_WARN_BLOCK_CAPTURE_AUTORELEASING = YES;
				CLANG_WARN_BOOL_CONVERSION = YES;
				CLANG_WARN_COMMA = YES;
				CLANG_WARN_CONSTANT_CONVERSION = YES;
				CLANG_WARN_DEPRECATED_OBJC_IMPLEMENTATIONS = YES;
				CLANG_WARN_DIRECT_OBJC_ISA_USAGE = YES_ERROR;
				CLANG_WARN_EMPTY_BODY = YES;
				CLANG_WARN_ENUM_CONVERSION = YES;
				CLANG_WARN_INFINITE_RECURSION = YES;
				CLANG_WARN_INT_CONVERSION = YES;
				CLANG_WARN_NON_LITERAL_NULL_CONVERSION = YES;
				CLANG_WARN_OBJC_IMPLICIT_RETAIN_SELF = YES;
				CLANG_WARN_OBJC_LITERAL_CONVERSION = YES;
				CLANG_WARN_OBJC_ROOT_CLASS = YES_ERROR;
				CLANG_WARN_RANGE_LOOP_ANALYSIS = YES;
				CLANG_WARN_STRICT_PROTOTYPES = YES;
				CLANG_WARN_SUSPICIOUS_MOVE = YES;
				CLANG_WARN_UNREACHABLE_CODE = YES;
				CLANG_WARN__DUPLICATE_METHOD_MATCH = YES;
				CODE_SIGN_IDENTITY = "-";
				COPY_PHASE_STRIP = NO;
				DEBUG_INFORMATION_FORMAT = dwarf;
				ENABLE_STRICT_OBJC_MSGSEND = YES;
				ENABLE_TESTABILITY = YES;
				GCC_C_LANGUAGE_STANDARD = gnu99;
				GCC_DYNAMIC_NO_PIC = NO;
				GCC_NO_COMMON_BLOCKS = YES;
				GCC_OPTIMIZATION_LEVEL = 0;
				GCC_PREPROCESSOR_DEFINITIONS = (
					"DEBUG=1",
					"$(inherited)",
				);
				GCC_SYMBOLS_PRIVATE_EXTERN = NO;
				GCC_WARN_64_TO_32_BIT_CONVERSION = YES;
				GCC_WARN_ABOUT_RETURN_TYPE = YES_ERROR;
				GCC_WARN_UNDECLARED_SELECTOR = YES;
				GCC_WARN_UNINITIALIZED_AUTOS = YES_AGGRESSIVE;
				GCC_WARN_UNUSED_FUNCTION = YES;
				GCC_WARN_UNUSED_VARIABLE = YES;
				MACOSX_DEPLOYMENT_TARGET = 10.10;
				MTL_ENABLE_DEBUG_INFO = YES;
				ONLY_ACTIVE_ARCH = YES;
				SDKROOT = macosx;
				SWIFT_OPTIMIZATION_LEVEL = "-Onone";
			};
			name = Debug;
		};
		C8B514791AE85D610071C86A /* Release */ = {
			isa = XCBuildConfiguration;
			buildSettings = {
				ALWAYS_SEARCH_USER_PATHS = NO;
				CLANG_CXX_LANGUAGE_STANDARD = "gnu++0x";
				CLANG_CXX_LIBRARY = "libc++";
				CLANG_ENABLE_MODULES = YES;
				CLANG_ENABLE_OBJC_ARC = YES;
				CLANG_WARN_BLOCK_CAPTURE_AUTORELEASING = YES;
				CLANG_WARN_BOOL_CONVERSION = YES;
				CLANG_WARN_COMMA = YES;
				CLANG_WARN_CONSTANT_CONVERSION = YES;
				CLANG_WARN_DEPRECATED_OBJC_IMPLEMENTATIONS = YES;
				CLANG_WARN_DIRECT_OBJC_ISA_USAGE = YES_ERROR;
				CLANG_WARN_EMPTY_BODY = YES;
				CLANG_WARN_ENUM_CONVERSION = YES;
				CLANG_WARN_INFINITE_RECURSION = YES;
				CLANG_WARN_INT_CONVERSION = YES;
				CLANG_WARN_NON_LITERAL_NULL_CONVERSION = YES;
				CLANG_WARN_OBJC_IMPLICIT_RETAIN_SELF = YES;
				CLANG_WARN_OBJC_LITERAL_CONVERSION = YES;
				CLANG_WARN_OBJC_ROOT_CLASS = YES_ERROR;
				CLANG_WARN_RANGE_LOOP_ANALYSIS = YES;
				CLANG_WARN_STRICT_PROTOTYPES = YES;
				CLANG_WARN_SUSPICIOUS_MOVE = YES;
				CLANG_WARN_UNREACHABLE_CODE = YES;
				CLANG_WARN__DUPLICATE_METHOD_MATCH = YES;
				CODE_SIGN_IDENTITY = "-";
				COPY_PHASE_STRIP = NO;
				DEBUG_INFORMATION_FORMAT = "dwarf-with-dsym";
				ENABLE_NS_ASSERTIONS = NO;
				ENABLE_STRICT_OBJC_MSGSEND = YES;
				GCC_C_LANGUAGE_STANDARD = gnu99;
				GCC_NO_COMMON_BLOCKS = YES;
				GCC_WARN_64_TO_32_BIT_CONVERSION = YES;
				GCC_WARN_ABOUT_RETURN_TYPE = YES_ERROR;
				GCC_WARN_UNDECLARED_SELECTOR = YES;
				GCC_WARN_UNINITIALIZED_AUTOS = YES_AGGRESSIVE;
				GCC_WARN_UNUSED_FUNCTION = YES;
				GCC_WARN_UNUSED_VARIABLE = YES;
				MACOSX_DEPLOYMENT_TARGET = 10.10;
				MTL_ENABLE_DEBUG_INFO = NO;
				SDKROOT = macosx;
				SWIFT_OPTIMIZATION_LEVEL = "-Owholemodule";
			};
			name = Release;
		};
		C8B5147B1AE85D610071C86A /* Debug */ = {
			isa = XCBuildConfiguration;
			buildSettings = {
				ASSETCATALOG_COMPILER_APPICON_NAME = AppIcon;
				CODE_SIGN_IDENTITY = "";
				COMBINE_HIDPI_IMAGES = YES;
				INFOPLIST_FILE = AndroidTool/Info.plist;
				LD_RUNPATH_SEARCH_PATHS = "$(inherited) @executable_path/../Frameworks";
				LIBRARY_SEARCH_PATHS = (
					"$(inherited)",
					"$(PROJECT_DIR)/AndroidTool",
					"$(PROJECT_DIR)/AndroidTool/libmobile",
				);
				MACOSX_DEPLOYMENT_TARGET = 10.9;
				PRODUCT_BUNDLE_IDENTIFIER = "com.mortenjust.$(PRODUCT_NAME:rfc1034identifier)";
				PRODUCT_NAME = "$(TARGET_NAME)";
				PROVISIONING_PROFILE = "";
				SWIFT_SWIFT3_OBJC_INFERENCE = Off;
				SWIFT_VERSION = 4.2;
			};
			name = Debug;
		};
		C8B5147C1AE85D610071C86A /* Release */ = {
			isa = XCBuildConfiguration;
			buildSettings = {
				ASSETCATALOG_COMPILER_APPICON_NAME = AppIcon;
				CODE_SIGN_IDENTITY = "";
				COMBINE_HIDPI_IMAGES = YES;
				INFOPLIST_FILE = AndroidTool/Info.plist;
				LD_RUNPATH_SEARCH_PATHS = "$(inherited) @executable_path/../Frameworks";
				LIBRARY_SEARCH_PATHS = (
					"$(inherited)",
					"$(PROJECT_DIR)/AndroidTool",
					"$(PROJECT_DIR)/AndroidTool/libmobile",
				);
				MACOSX_DEPLOYMENT_TARGET = 10.9;
				PRODUCT_BUNDLE_IDENTIFIER = "com.mortenjust.$(PRODUCT_NAME:rfc1034identifier)";
				PRODUCT_NAME = "$(TARGET_NAME)";
				PROVISIONING_PROFILE = "";
				SWIFT_SWIFT3_OBJC_INFERENCE = Off;
				SWIFT_VERSION = 4.2;
			};
			name = Release;
		};
		C8B5147E1AE85D610071C86A /* Debug */ = {
			isa = XCBuildConfiguration;
			buildSettings = {
				BUNDLE_LOADER = "$(TEST_HOST)";
				COMBINE_HIDPI_IMAGES = YES;
				FRAMEWORK_SEARCH_PATHS = (
					"$(DEVELOPER_FRAMEWORKS_DIR)",
					"$(inherited)",
				);
				GCC_PREPROCESSOR_DEFINITIONS = (
					"DEBUG=1",
					"$(inherited)",
				);
				INFOPLIST_FILE = AndroidToolTests/Info.plist;
				LD_RUNPATH_SEARCH_PATHS = "$(inherited) @executable_path/../Frameworks @loader_path/../Frameworks";
				PRODUCT_BUNDLE_IDENTIFIER = "com.mortenjust.$(PRODUCT_NAME:rfc1034identifier)";
				PRODUCT_NAME = "$(TARGET_NAME)";
				SWIFT_SWIFT3_OBJC_INFERENCE = On;
				SWIFT_VERSION = 4.0;
				TEST_HOST = "$(BUILT_PRODUCTS_DIR)/AndroidTool.app/Contents/MacOS/AndroidTool";
			};
			name = Debug;
		};
		C8B5147F1AE85D610071C86A /* Release */ = {
			isa = XCBuildConfiguration;
			buildSettings = {
				BUNDLE_LOADER = "$(TEST_HOST)";
				COMBINE_HIDPI_IMAGES = YES;
				FRAMEWORK_SEARCH_PATHS = (
					"$(DEVELOPER_FRAMEWORKS_DIR)",
					"$(inherited)",
				);
				INFOPLIST_FILE = AndroidToolTests/Info.plist;
				LD_RUNPATH_SEARCH_PATHS = "$(inherited) @executable_path/../Frameworks @loader_path/../Frameworks";
				PRODUCT_BUNDLE_IDENTIFIER = "com.mortenjust.$(PRODUCT_NAME:rfc1034identifier)";
				PRODUCT_NAME = "$(TARGET_NAME)";
				SWIFT_SWIFT3_OBJC_INFERENCE = On;
				SWIFT_VERSION = 4.0;
				TEST_HOST = "$(BUILT_PRODUCTS_DIR)/AndroidTool.app/Contents/MacOS/AndroidTool";
			};
			name = Release;
		};
/* End XCBuildConfiguration section */

/* Begin XCConfigurationList section */
		C8B5145B1AE85D600071C86A /* Build configuration list for PBXProject "AndroidTool" */ = {
			isa = XCConfigurationList;
			buildConfigurations = (
				C8B514781AE85D610071C86A /* Debug */,
				C8B514791AE85D610071C86A /* Release */,
			);
			defaultConfigurationIsVisible = 0;
			defaultConfigurationName = Release;
		};
		C8B5147A1AE85D610071C86A /* Build configuration list for PBXNativeTarget "AndroidTool" */ = {
			isa = XCConfigurationList;
			buildConfigurations = (
				C8B5147B1AE85D610071C86A /* Debug */,
				C8B5147C1AE85D610071C86A /* Release */,
			);
			defaultConfigurationIsVisible = 0;
			defaultConfigurationName = Release;
		};
		C8B5147D1AE85D610071C86A /* Build configuration list for PBXNativeTarget "AndroidToolTests" */ = {
			isa = XCConfigurationList;
			buildConfigurations = (
				C8B5147E1AE85D610071C86A /* Debug */,
				C8B5147F1AE85D610071C86A /* Release */,
			);
			defaultConfigurationIsVisible = 0;
			defaultConfigurationName = Release;
		};
/* End XCConfigurationList section */
	};
	rootObject = C8B514581AE85D600071C86A /* Project object */;
}
