// !$*UTF8*$!
{
	archiveVersion = 1;
	classes = {
	};
	objectVersion = 46;
	objects = {

/* Begin PBXBuildFile section */
		C83D2E091AEDD7A300CD066D /* scriptsPopoverViewController.swift in Sources */ = {isa = PBXBuildFile; fileRef = C83D2E081AEDD7A300CD066D /* scriptsPopoverViewController.swift */; };
		C83D2E0E1AEF02E700CD066D /* Take Bugreport.sh in Resources */ = {isa = PBXBuildFile; fileRef = C83D2E0D1AEF02E700CD066D /* Take Bugreport.sh */; };
		C86DF2A61AFF2D7300AEBDF5 /* previewPopoverViewController.swift in Sources */ = {isa = PBXBuildFile; fileRef = C86DF2A51AFF2D7300AEBDF5 /* previewPopoverViewController.swift */; };
		C8A0F8761AFC2F6E00B3A90C /* idevicescreenshot in Resources */ = {isa = PBXBuildFile; fileRef = C8A0F8621AFC2F4E00B3A90C /* idevicescreenshot */; };
		C8A0F8B61AFC319A00B3A90C /* libzip.2.dylib in Resources */ = {isa = PBXBuildFile; fileRef = C8A0F8AD1AFC319A00B3A90C /* libzip.2.dylib */; };
		C8A0F8B71AFC319A00B3A90C /* libxml2.2.dylib in Resources */ = {isa = PBXBuildFile; fileRef = C8A0F8AE1AFC319A00B3A90C /* libxml2.2.dylib */; };
		C8A0F8B81AFC319A00B3A90C /* libusbmuxd.2.dylib in Resources */ = {isa = PBXBuildFile; fileRef = C8A0F8AF1AFC319A00B3A90C /* libusbmuxd.2.dylib */; };
		C8A0F8B91AFC319A00B3A90C /* libusbmuxd.1.0.8.dylib in Resources */ = {isa = PBXBuildFile; fileRef = C8A0F8B01AFC319A00B3A90C /* libusbmuxd.1.0.8.dylib */; };
		C8A0F8BA1AFC319A00B3A90C /* libplist.2.dylib in Resources */ = {isa = PBXBuildFile; fileRef = C8A0F8B11AFC319A00B3A90C /* libplist.2.dylib */; };
		C8A0F8BB1AFC319A00B3A90C /* libplist.1.1.10.dylib in Resources */ = {isa = PBXBuildFile; fileRef = C8A0F8B21AFC319A00B3A90C /* libplist.1.1.10.dylib */; };
		C8A0F8BC1AFC319A00B3A90C /* libosxfuse_i64.2.dylib in Resources */ = {isa = PBXBuildFile; fileRef = C8A0F8B31AFC319A00B3A90C /* libosxfuse_i64.2.dylib */; };
		C8A0F8BD1AFC319A00B3A90C /* libosxfuse_i32.2.dylib in Resources */ = {isa = PBXBuildFile; fileRef = C8A0F8B41AFC319A00B3A90C /* libosxfuse_i32.2.dylib */; };
		C8A0F8BE1AFC319A00B3A90C /* libimobiledevice.4.dylib in Resources */ = {isa = PBXBuildFile; fileRef = C8A0F8B51AFC319A00B3A90C /* libimobiledevice.4.dylib */; };
		C8A0F8C01AFC524400B3A90C /* convertMovieFiletoGif.sh in Resources */ = {isa = PBXBuildFile; fileRef = C8A0F8BF1AFC4BDF00B3A90C /* convertMovieFiletoGif.sh */; };
		C8A8A7B01AF4506800E4B5D0 /* PreferencesWindowController.swift in Sources */ = {isa = PBXBuildFile; fileRef = C8A8A7AE1AF4506800E4B5D0 /* PreferencesWindowController.swift */; };
		C8A8A7B11AF4506800E4B5D0 /* PreferencesWindowController.xib in Resources */ = {isa = PBXBuildFile; fileRef = C8A8A7AF1AF4506800E4B5D0 /* PreferencesWindowController.xib */; };
		C8A8A7B31AF4A0E200E4B5D0 /* getResolutionForSerial.sh in Resources */ = {isa = PBXBuildFile; fileRef = C8A8A7B21AF4A0A400E4B5D0 /* getResolutionForSerial.sh */; };
		C8B131581AE9CE9700BCD4F3 /* Images.xcassets in Resources */ = {isa = PBXBuildFile; fileRef = C8B131571AE9CE9700BCD4F3 /* Images.xcassets */; };
		C8B1315A1AE9D47700BCD4F3 /* takeScreenshotOfDeviceWithSerial.sh in Resources */ = {isa = PBXBuildFile; fileRef = C8B131591AE9D34F00BCD4F3 /* takeScreenshotOfDeviceWithSerial.sh */; };
		C8B131891AEB10FA00BCD4F3 /* startRecordingForSerial.sh in Resources */ = {isa = PBXBuildFile; fileRef = C8B131881AEB10C800BCD4F3 /* startRecordingForSerial.sh */; };
		C8B1318B1AEB14E400BCD4F3 /* postProcessMovieForSerial.sh in Resources */ = {isa = PBXBuildFile; fileRef = C8B1318A1AEB149100BCD4F3 /* postProcessMovieForSerial.sh */; };
		C8B131961AEB3B5100BCD4F3 /* DevicePickerViewController.swift in Sources */ = {isa = PBXBuildFile; fileRef = C8B131941AEB3B5100BCD4F3 /* DevicePickerViewController.swift */; };
		C8B131971AEB3B5100BCD4F3 /* DevicePickerViewController.xib in Resources */ = {isa = PBXBuildFile; fileRef = C8B131951AEB3B5100BCD4F3 /* DevicePickerViewController.xib */; };
		C8B131991AEB641800BCD4F3 /* installApkOnDevice.sh in Resources */ = {isa = PBXBuildFile; fileRef = C8B131981AEB640900BCD4F3 /* installApkOnDevice.sh */; };
		C8B514661AE85D610071C86A /* AppDelegate.swift in Sources */ = {isa = PBXBuildFile; fileRef = C8B514651AE85D610071C86A /* AppDelegate.swift */; };
		C8B5146B1AE85D610071C86A /* MainMenu.xib in Resources */ = {isa = PBXBuildFile; fileRef = C8B514691AE85D610071C86A /* MainMenu.xib */; };
		C8B514771AE85D610071C86A /* AndroidToolTests.swift in Sources */ = {isa = PBXBuildFile; fileRef = C8B514761AE85D610071C86A /* AndroidToolTests.swift */; };
		C8B514821AE85D8B0071C86A /* MasterViewController.swift in Sources */ = {isa = PBXBuildFile; fileRef = C8B514801AE85D8B0071C86A /* MasterViewController.swift */; };
		C8B514831AE85D8B0071C86A /* MasterViewController.xib in Resources */ = {isa = PBXBuildFile; fileRef = C8B514811AE85D8B0071C86A /* MasterViewController.xib */; };
		C8B514851AE85D940071C86A /* Device.swift in Sources */ = {isa = PBXBuildFile; fileRef = C8B514841AE85D940071C86A /* Device.swift */; };
		C8B514871AE85DAE0071C86A /* DeviceDiscoverer.swift in Sources */ = {isa = PBXBuildFile; fileRef = C8B514861AE85DAE0071C86A /* DeviceDiscoverer.swift */; };
		C8B5148C1AE860EF0071C86A /* DeviceViewController.swift in Sources */ = {isa = PBXBuildFile; fileRef = C8B5148A1AE860EF0071C86A /* DeviceViewController.swift */; };
		C8B5148D1AE860EF0071C86A /* DeviceViewController.xib in Resources */ = {isa = PBXBuildFile; fileRef = C8B5148B1AE860EF0071C86A /* DeviceViewController.xib */; };
		C8B5148F1AE8703F0071C86A /* Util.swift in Sources */ = {isa = PBXBuildFile; fileRef = C8B5148E1AE8703F0071C86A /* Util.swift */; };
		C8B9D47E1AE991D300927B96 /* ShellTasker.swift in Sources */ = {isa = PBXBuildFile; fileRef = C8B9D47D1AE991D300927B96 /* ShellTasker.swift */; };
		C8B9D4801AE9B20600927B96 /* getDetailsForSerial.sh in Resources */ = {isa = PBXBuildFile; fileRef = C8B9D47C1AE9914200927B96 /* getDetailsForSerial.sh */; };
		C8B9D4831AE9B34F00927B96 /* adb in Resources */ = {isa = PBXBuildFile; fileRef = C8B9D4811AE9B34F00927B96 /* adb */; };
		C8B9D4841AE9B34F00927B96 /* ffmpeg in Resources */ = {isa = PBXBuildFile; fileRef = C8B9D4821AE9B34F00927B96 /* ffmpeg */; };
		C8B9D4861AE9C3A100927B96 /* getSerials.sh in Resources */ = {isa = PBXBuildFile; fileRef = C8B9D4851AE9C3A100927B96 /* getSerials.sh */; };
		C8BF506B1AFB393C005C725D /* IOSDeviceHelper.swift in Sources */ = {isa = PBXBuildFile; fileRef = C8BF506A1AFB393C005C725D /* IOSDeviceHelper.swift */; };
		C8BF506D1AFBE1E9005C725D /* takeScreenshotOfDeviceWithUUID.sh in Resources */ = {isa = PBXBuildFile; fileRef = C8BF506C1AFBE1E9005C725D /* takeScreenshotOfDeviceWithUUID.sh */; };
/* End PBXBuildFile section */

/* Begin PBXContainerItemProxy section */
		C8B514711AE85D610071C86A /* PBXContainerItemProxy */ = {
			isa = PBXContainerItemProxy;
			containerPortal = C8B514581AE85D600071C86A /* Project object */;
			proxyType = 1;
			remoteGlobalIDString = C8B5145F1AE85D610071C86A;
			remoteInfo = AndroidTool;
		};
/* End PBXContainerItemProxy section */

/* Begin PBXCopyFilesBuildPhase section */
		C8BF50721AFBE280005C725D /* CopyFiles */ = {
			isa = PBXCopyFilesBuildPhase;
			buildActionMask = 2147483647;
			dstPath = "";
			dstSubfolderSpec = 10;
			files = (
			);
			runOnlyForDeploymentPostprocessing = 0;
		};
/* End PBXCopyFilesBuildPhase section */

/* Begin PBXFileReference section */
		C83D2E081AEDD7A300CD066D /* scriptsPopoverViewController.swift */ = {isa = PBXFileReference; fileEncoding = 4; lastKnownFileType = sourcecode.swift; path = scriptsPopoverViewController.swift; sourceTree = "<group>"; };
		C83D2E0D1AEF02E700CD066D /* Take Bugreport.sh */ = {isa = PBXFileReference; fileEncoding = 4; lastKnownFileType = text.script.sh; path = "Take Bugreport.sh"; sourceTree = "<group>"; };
		C86DF2A51AFF2D7300AEBDF5 /* previewPopoverViewController.swift */ = {isa = PBXFileReference; fileEncoding = 4; lastKnownFileType = sourcecode.swift; path = previewPopoverViewController.swift; sourceTree = "<group>"; };
		C8A0F8621AFC2F4E00B3A90C /* idevicescreenshot */ = {isa = PBXFileReference; lastKnownFileType = "compiled.mach-o.executable"; path = idevicescreenshot; sourceTree = "<group>"; };
		C8A0F8AD1AFC319A00B3A90C /* libzip.2.dylib */ = {isa = PBXFileReference; lastKnownFileType = "compiled.mach-o.dylib"; name = libzip.2.dylib; path = ../libzip.2.dylib; sourceTree = "<group>"; };
		C8A0F8AE1AFC319A00B3A90C /* libxml2.2.dylib */ = {isa = PBXFileReference; lastKnownFileType = "compiled.mach-o.dylib"; name = libxml2.2.dylib; path = ../libxml2.2.dylib; sourceTree = "<group>"; };
		C8A0F8AF1AFC319A00B3A90C /* libusbmuxd.2.dylib */ = {isa = PBXFileReference; lastKnownFileType = "compiled.mach-o.dylib"; name = libusbmuxd.2.dylib; path = ../libusbmuxd.2.dylib; sourceTree = "<group>"; };
		C8A0F8B01AFC319A00B3A90C /* libusbmuxd.1.0.8.dylib */ = {isa = PBXFileReference; lastKnownFileType = "compiled.mach-o.dylib"; name = libusbmuxd.1.0.8.dylib; path = ../libusbmuxd.1.0.8.dylib; sourceTree = "<group>"; };
		C8A0F8B11AFC319A00B3A90C /* libplist.2.dylib */ = {isa = PBXFileReference; lastKnownFileType = "compiled.mach-o.dylib"; name = libplist.2.dylib; path = ../libplist.2.dylib; sourceTree = "<group>"; };
		C8A0F8B21AFC319A00B3A90C /* libplist.1.1.10.dylib */ = {isa = PBXFileReference; lastKnownFileType = "compiled.mach-o.dylib"; name = libplist.1.1.10.dylib; path = ../libplist.1.1.10.dylib; sourceTree = "<group>"; };
		C8A0F8B31AFC319A00B3A90C /* libosxfuse_i64.2.dylib */ = {isa = PBXFileReference; lastKnownFileType = "compiled.mach-o.dylib"; name = libosxfuse_i64.2.dylib; path = ../libosxfuse_i64.2.dylib; sourceTree = "<group>"; };
		C8A0F8B41AFC319A00B3A90C /* libosxfuse_i32.2.dylib */ = {isa = PBXFileReference; lastKnownFileType = "compiled.mach-o.dylib"; name = libosxfuse_i32.2.dylib; path = ../libosxfuse_i32.2.dylib; sourceTree = "<group>"; };
		C8A0F8B51AFC319A00B3A90C /* libimobiledevice.4.dylib */ = {isa = PBXFileReference; lastKnownFileType = "compiled.mach-o.dylib"; name = libimobiledevice.4.dylib; path = ../libimobiledevice.4.dylib; sourceTree = "<group>"; };
		C8A0F8BF1AFC4BDF00B3A90C /* convertMovieFiletoGif.sh */ = {isa = PBXFileReference; lastKnownFileType = text.script.sh; path = convertMovieFiletoGif.sh; sourceTree = "<group>"; };
		C8A8A7AE1AF4506800E4B5D0 /* PreferencesWindowController.swift */ = {isa = PBXFileReference; fileEncoding = 4; lastKnownFileType = sourcecode.swift; name = PreferencesWindowController.swift; path = ../PreferencesWindowController.swift; sourceTree = "<group>"; };
		C8A8A7AF1AF4506800E4B5D0 /* PreferencesWindowController.xib */ = {isa = PBXFileReference; fileEncoding = 4; lastKnownFileType = file.xib; name = PreferencesWindowController.xib; path = ../PreferencesWindowController.xib; sourceTree = "<group>"; };
		C8A8A7B21AF4A0A400E4B5D0 /* getResolutionForSerial.sh */ = {isa = PBXFileReference; lastKnownFileType = text.script.sh; path = getResolutionForSerial.sh; sourceTree = "<group>"; };
		C8B131571AE9CE9700BCD4F3 /* Images.xcassets */ = {isa = PBXFileReference; lastKnownFileType = folder.assetcatalog; path = Images.xcassets; sourceTree = "<group>"; };
		C8B131591AE9D34F00BCD4F3 /* takeScreenshotOfDeviceWithSerial.sh */ = {isa = PBXFileReference; lastKnownFileType = text.script.sh; path = takeScreenshotOfDeviceWithSerial.sh; sourceTree = "<group>"; };
		C8B131881AEB10C800BCD4F3 /* startRecordingForSerial.sh */ = {isa = PBXFileReference; lastKnownFileType = text.script.sh; path = startRecordingForSerial.sh; sourceTree = "<group>"; };
		C8B1318A1AEB149100BCD4F3 /* postProcessMovieForSerial.sh */ = {isa = PBXFileReference; lastKnownFileType = text.script.sh; path = postProcessMovieForSerial.sh; sourceTree = "<group>"; };
		C8B131941AEB3B5100BCD4F3 /* DevicePickerViewController.swift */ = {isa = PBXFileReference; fileEncoding = 4; lastKnownFileType = sourcecode.swift; path = DevicePickerViewController.swift; sourceTree = "<group>"; };
		C8B131951AEB3B5100BCD4F3 /* DevicePickerViewController.xib */ = {isa = PBXFileReference; fileEncoding = 4; lastKnownFileType = file.xib; path = DevicePickerViewController.xib; sourceTree = "<group>"; };
		C8B131981AEB640900BCD4F3 /* installApkOnDevice.sh */ = {isa = PBXFileReference; lastKnownFileType = text.script.sh; path = installApkOnDevice.sh; sourceTree = "<group>"; };
		C8B514601AE85D610071C86A /* AndroidTool.app */ = {isa = PBXFileReference; explicitFileType = wrapper.application; includeInIndex = 0; path = AndroidTool.app; sourceTree = BUILT_PRODUCTS_DIR; };
		C8B514641AE85D610071C86A /* Info.plist */ = {isa = PBXFileReference; lastKnownFileType = text.plist.xml; path = Info.plist; sourceTree = "<group>"; };
		C8B514651AE85D610071C86A /* AppDelegate.swift */ = {isa = PBXFileReference; lastKnownFileType = sourcecode.swift; path = AppDelegate.swift; sourceTree = "<group>"; };
		C8B5146A1AE85D610071C86A /* Base */ = {isa = PBXFileReference; lastKnownFileType = file.xib; name = Base; path = Base.lproj/MainMenu.xib; sourceTree = "<group>"; };
		C8B514701AE85D610071C86A /* AndroidToolTests.xctest */ = {isa = PBXFileReference; explicitFileType = wrapper.cfbundle; includeInIndex = 0; path = AndroidToolTests.xctest; sourceTree = BUILT_PRODUCTS_DIR; };
		C8B514751AE85D610071C86A /* Info.plist */ = {isa = PBXFileReference; lastKnownFileType = text.plist.xml; path = Info.plist; sourceTree = "<group>"; };
		C8B514761AE85D610071C86A /* AndroidToolTests.swift */ = {isa = PBXFileReference; lastKnownFileType = sourcecode.swift; path = AndroidToolTests.swift; sourceTree = "<group>"; };
		C8B514801AE85D8B0071C86A /* MasterViewController.swift */ = {isa = PBXFileReference; fileEncoding = 4; lastKnownFileType = sourcecode.swift; path = MasterViewController.swift; sourceTree = "<group>"; };
		C8B514811AE85D8B0071C86A /* MasterViewController.xib */ = {isa = PBXFileReference; fileEncoding = 4; lastKnownFileType = file.xib; path = MasterViewController.xib; sourceTree = "<group>"; };
		C8B514841AE85D940071C86A /* Device.swift */ = {isa = PBXFileReference; fileEncoding = 4; lastKnownFileType = sourcecode.swift; path = Device.swift; sourceTree = "<group>"; };
		C8B514861AE85DAE0071C86A /* DeviceDiscoverer.swift */ = {isa = PBXFileReference; fileEncoding = 4; lastKnownFileType = sourcecode.swift; path = DeviceDiscoverer.swift; sourceTree = "<group>"; };
		C8B514881AE85E9B0071C86A /* getprop-example.txt */ = {isa = PBXFileReference; fileEncoding = 4; lastKnownFileType = text; path = "getprop-example.txt"; sourceTree = "<group>"; };
		C8B5148A1AE860EF0071C86A /* DeviceViewController.swift */ = {isa = PBXFileReference; fileEncoding = 4; lastKnownFileType = sourcecode.swift; path = DeviceViewController.swift; sourceTree = "<group>"; };
		C8B5148B1AE860EF0071C86A /* DeviceViewController.xib */ = {isa = PBXFileReference; fileEncoding = 4; lastKnownFileType = file.xib; path = DeviceViewController.xib; sourceTree = "<group>"; };
		C8B5148E1AE8703F0071C86A /* Util.swift */ = {isa = PBXFileReference; fileEncoding = 4; lastKnownFileType = sourcecode.swift; name = Util.swift; path = AndroidTool/Util.swift; sourceTree = "<group>"; };
		C8B9D47C1AE9914200927B96 /* getDetailsForSerial.sh */ = {isa = PBXFileReference; lastKnownFileType = text.script.sh; path = getDetailsForSerial.sh; sourceTree = "<group>"; };
		C8B9D47D1AE991D300927B96 /* ShellTasker.swift */ = {isa = PBXFileReference; fileEncoding = 4; lastKnownFileType = sourcecode.swift; path = ShellTasker.swift; sourceTree = "<group>"; };
		C8B9D47F1AE9AEA800927B96 /* MyPlayground.playground */ = {isa = PBXFileReference; lastKnownFileType = file.playground; path = MyPlayground.playground; sourceTree = "<group>"; };
		C8B9D4811AE9B34F00927B96 /* adb */ = {isa = PBXFileReference; lastKnownFileType = "compiled.mach-o.executable"; path = adb; sourceTree = "<group>"; };
		C8B9D4821AE9B34F00927B96 /* ffmpeg */ = {isa = PBXFileReference; lastKnownFileType = "compiled.mach-o.executable"; path = ffmpeg; sourceTree = "<group>"; };
		C8B9D4851AE9C3A100927B96 /* getSerials.sh */ = {isa = PBXFileReference; fileEncoding = 4; lastKnownFileType = text.script.sh; path = getSerials.sh; sourceTree = "<group>"; };
		C8BF506A1AFB393C005C725D /* IOSDeviceHelper.swift */ = {isa = PBXFileReference; fileEncoding = 4; lastKnownFileType = sourcecode.swift; path = IOSDeviceHelper.swift; sourceTree = "<group>"; };
		C8BF506C1AFBE1E9005C725D /* takeScreenshotOfDeviceWithUUID.sh */ = {isa = PBXFileReference; fileEncoding = 4; lastKnownFileType = text.script.sh; path = takeScreenshotOfDeviceWithUUID.sh; sourceTree = "<group>"; };
		C8BF506E1AFBE21A005C725D /* idevicescreenshot */ = {isa = PBXFileReference; lastKnownFileType = "compiled.mach-o.executable"; path = idevicescreenshot; sourceTree = "<group>"; };
/* End PBXFileReference section */

/* Begin PBXFrameworksBuildPhase section */
		C8B5145D1AE85D610071C86A /* Frameworks */ = {
			isa = PBXFrameworksBuildPhase;
			buildActionMask = 2147483647;
			files = (
			);
			runOnlyForDeploymentPostprocessing = 0;
		};
		C8B5146D1AE85D610071C86A /* Frameworks */ = {
			isa = PBXFrameworksBuildPhase;
			buildActionMask = 2147483647;
			files = (
			);
			runOnlyForDeploymentPostprocessing = 0;
		};
/* End PBXFrameworksBuildPhase section */

/* Begin PBXGroup section */
		C83D2E0C1AEF02C400CD066D /* UserScriptsInception */ = {
			isa = PBXGroup;
			children = (
				C83D2E0D1AEF02E700CD066D /* Take Bugreport.sh */,
			);
			name = UserScriptsInception;
			sourceTree = "<group>";
		};
		C8B514571AE85D600071C86A = {
			isa = PBXGroup;
			children = (
				C8B5148E1AE8703F0071C86A /* Util.swift */,
				C8B514621AE85D610071C86A /* AndroidTool */,
				C8B514731AE85D610071C86A /* AndroidToolTests */,
				C8B514611AE85D610071C86A /* Products */,
			);
			sourceTree = "<group>";
		};
		C8B514611AE85D610071C86A /* Products */ = {
			isa = PBXGroup;
			children = (
				C8B514601AE85D610071C86A /* AndroidTool.app */,
				C8B514701AE85D610071C86A /* AndroidToolTests.xctest */,
			);
			name = Products;
			sourceTree = "<group>";
		};
		C8B514621AE85D610071C86A /* AndroidTool */ = {
			isa = PBXGroup;
			children = (
				C8BF50741AFC2D75005C725D /* libimobile */,
				C83D2E0C1AEF02C400CD066D /* UserScriptsInception */,
				C8B131571AE9CE9700BCD4F3 /* Images.xcassets */,
				C8B9D47B1AE9911C00927B96 /* Scripts */,
				C8B514651AE85D610071C86A /* AppDelegate.swift */,
				C8B9D47D1AE991D300927B96 /* ShellTasker.swift */,
				C8A8A7AE1AF4506800E4B5D0 /* PreferencesWindowController.swift */,
				C8A8A7AF1AF4506800E4B5D0 /* PreferencesWindowController.xib */,
				C8B514801AE85D8B0071C86A /* MasterViewController.swift */,
				C8B514811AE85D8B0071C86A /* MasterViewController.xib */,
				C8BF506A1AFB393C005C725D /* IOSDeviceHelper.swift */,
				C8B131941AEB3B5100BCD4F3 /* DevicePickerViewController.swift */,
				C8B131951AEB3B5100BCD4F3 /* DevicePickerViewController.xib */,
				C8B5148A1AE860EF0071C86A /* DeviceViewController.swift */,
				C8B5148B1AE860EF0071C86A /* DeviceViewController.xib */,
				C83D2E081AEDD7A300CD066D /* scriptsPopoverViewController.swift */,
				C86DF2A51AFF2D7300AEBDF5 /* previewPopoverViewController.swift */,
				C8B514841AE85D940071C86A /* Device.swift */,
				C8B514881AE85E9B0071C86A /* getprop-example.txt */,
				C8B514861AE85DAE0071C86A /* DeviceDiscoverer.swift */,
				C8B514691AE85D610071C86A /* MainMenu.xib */,
				C8B514631AE85D610071C86A /* Supporting Files */,
			);
			path = AndroidTool;
			sourceTree = "<group>";
		};
		C8B514631AE85D610071C86A /* Supporting Files */ = {
			isa = PBXGroup;
			children = (
				C8B514641AE85D610071C86A /* Info.plist */,
			);
			name = "Supporting Files";
			sourceTree = "<group>";
		};
		C8B514731AE85D610071C86A /* AndroidToolTests */ = {
			isa = PBXGroup;
			children = (
				C8B514761AE85D610071C86A /* AndroidToolTests.swift */,
				C8B514741AE85D610071C86A /* Supporting Files */,
			);
			path = AndroidToolTests;
			sourceTree = "<group>";
		};
		C8B514741AE85D610071C86A /* Supporting Files */ = {
			isa = PBXGroup;
			children = (
				C8B514751AE85D610071C86A /* Info.plist */,
			);
			name = "Supporting Files";
			sourceTree = "<group>";
		};
		C8B9D47B1AE9911C00927B96 /* Scripts */ = {
			isa = PBXGroup;
			children = (
				C8BF506E1AFBE21A005C725D /* idevicescreenshot */,
				C8B9D4811AE9B34F00927B96 /* adb */,
				C8B9D4821AE9B34F00927B96 /* ffmpeg */,
				C8B9D47C1AE9914200927B96 /* getDetailsForSerial.sh */,
				C8A8A7B21AF4A0A400E4B5D0 /* getResolutionForSerial.sh */,
				C8B9D4851AE9C3A100927B96 /* getSerials.sh */,
				C8B9D47F1AE9AEA800927B96 /* MyPlayground.playground */,
				C8B131591AE9D34F00BCD4F3 /* takeScreenshotOfDeviceWithSerial.sh */,
				C8BF506C1AFBE1E9005C725D /* takeScreenshotOfDeviceWithUUID.sh */,
				C8B131881AEB10C800BCD4F3 /* startRecordingForSerial.sh */,
				C8B1318A1AEB149100BCD4F3 /* postProcessMovieForSerial.sh */,
				C8A0F8BF1AFC4BDF00B3A90C /* convertMovieFiletoGif.sh */,
				C8B131981AEB640900BCD4F3 /* installApkOnDevice.sh */,
			);
			name = Scripts;
			sourceTree = "<group>";
		};
		C8BF50741AFC2D75005C725D /* libimobile */ = {
			isa = PBXGroup;
			children = (
				C8A0F8621AFC2F4E00B3A90C /* idevicescreenshot */,
				C8A0F8AD1AFC319A00B3A90C /* libzip.2.dylib */,
				C8A0F8AE1AFC319A00B3A90C /* libxml2.2.dylib */,
				C8A0F8AF1AFC319A00B3A90C /* libusbmuxd.2.dylib */,
				C8A0F8B01AFC319A00B3A90C /* libusbmuxd.1.0.8.dylib */,
				C8A0F8B11AFC319A00B3A90C /* libplist.2.dylib */,
				C8A0F8B21AFC319A00B3A90C /* libplist.1.1.10.dylib */,
				C8A0F8B31AFC319A00B3A90C /* libosxfuse_i64.2.dylib */,
				C8A0F8B41AFC319A00B3A90C /* libosxfuse_i32.2.dylib */,
				C8A0F8B51AFC319A00B3A90C /* libimobiledevice.4.dylib */,
			);
			name = libimobile;
			sourceTree = "<group>";
		};
/* End PBXGroup section */

/* Begin PBXNativeTarget section */
		C8B5145F1AE85D610071C86A /* AndroidTool */ = {
			isa = PBXNativeTarget;
			buildConfigurationList = C8B5147A1AE85D610071C86A /* Build configuration list for PBXNativeTarget "AndroidTool" */;
			buildPhases = (
				C8B5145C1AE85D610071C86A /* Sources */,
				C8B5145D1AE85D610071C86A /* Frameworks */,
				C8B5145E1AE85D610071C86A /* Resources */,
				C8BF50721AFBE280005C725D /* CopyFiles */,
			);
			buildRules = (
			);
			dependencies = (
			);
			name = AndroidTool;
			productName = AndroidTool;
			productReference = C8B514601AE85D610071C86A /* AndroidTool.app */;
			productType = "com.apple.product-type.application";
		};
		C8B5146F1AE85D610071C86A /* AndroidToolTests */ = {
			isa = PBXNativeTarget;
			buildConfigurationList = C8B5147D1AE85D610071C86A /* Build configuration list for PBXNativeTarget "AndroidToolTests" */;
			buildPhases = (
				C8B5146C1AE85D610071C86A /* Sources */,
				C8B5146D1AE85D610071C86A /* Frameworks */,
				C8B5146E1AE85D610071C86A /* Resources */,
			);
			buildRules = (
			);
			dependencies = (
				C8B514721AE85D610071C86A /* PBXTargetDependency */,
			);
			name = AndroidToolTests;
			productName = AndroidToolTests;
			productReference = C8B514701AE85D610071C86A /* AndroidToolTests.xctest */;
			productType = "com.apple.product-type.bundle.unit-test";
		};
/* End PBXNativeTarget section */

/* Begin PBXProject section */
		C8B514581AE85D600071C86A /* Project object */ = {
			isa = PBXProject;
			attributes = {
				LastUpgradeCheck = 0630;
				ORGANIZATIONNAME = "Morten Just Petersen";
				TargetAttributes = {
					C8B5145F1AE85D610071C86A = {
						CreatedOnToolsVersion = 6.3;
					};
					C8B5146F1AE85D610071C86A = {
						CreatedOnToolsVersion = 6.3;
						TestTargetID = C8B5145F1AE85D610071C86A;
					};
				};
			};
			buildConfigurationList = C8B5145B1AE85D600071C86A /* Build configuration list for PBXProject "AndroidTool" */;
			compatibilityVersion = "Xcode 3.2";
			developmentRegion = English;
			hasScannedForEncodings = 0;
			knownRegions = (
				en,
				Base,
			);
			mainGroup = C8B514571AE85D600071C86A;
			productRefGroup = C8B514611AE85D610071C86A /* Products */;
			projectDirPath = "";
			projectRoot = "";
			targets = (
				C8B5145F1AE85D610071C86A /* AndroidTool */,
				C8B5146F1AE85D610071C86A /* AndroidToolTests */,
			);
		};
/* End PBXProject section */

/* Begin PBXResourcesBuildPhase section */
		C8B5145E1AE85D610071C86A /* Resources */ = {
			isa = PBXResourcesBuildPhase;
			buildActionMask = 2147483647;
			files = (
				C8A0F8C01AFC524400B3A90C /* convertMovieFiletoGif.sh in Resources */,
				C8A0F8B61AFC319A00B3A90C /* libzip.2.dylib in Resources */,
				C8A0F8B71AFC319A00B3A90C /* libxml2.2.dylib in Resources */,
				C8A0F8B81AFC319A00B3A90C /* libusbmuxd.2.dylib in Resources */,
				C8A0F8B91AFC319A00B3A90C /* libusbmuxd.1.0.8.dylib in Resources */,
				C8A0F8BA1AFC319A00B3A90C /* libplist.2.dylib in Resources */,
				C8A0F8BB1AFC319A00B3A90C /* libplist.1.1.10.dylib in Resources */,
				C8A0F8BC1AFC319A00B3A90C /* libosxfuse_i64.2.dylib in Resources */,
				C8A0F8BD1AFC319A00B3A90C /* libosxfuse_i32.2.dylib in Resources */,
				C8A0F8BE1AFC319A00B3A90C /* libimobiledevice.4.dylib in Resources */,
				C8A0F8761AFC2F6E00B3A90C /* idevicescreenshot in Resources */,
				C8A8A7B31AF4A0E200E4B5D0 /* getResolutionForSerial.sh in Resources */,
				C8B131991AEB641800BCD4F3 /* installApkOnDevice.sh in Resources */,
				C8B1318B1AEB14E400BCD4F3 /* postProcessMovieForSerial.sh in Resources */,
				C8B131971AEB3B5100BCD4F3 /* DevicePickerViewController.xib in Resources */,
				C8B131891AEB10FA00BCD4F3 /* startRecordingForSerial.sh in Resources */,
				C8B1315A1AE9D47700BCD4F3 /* takeScreenshotOfDeviceWithSerial.sh in Resources */,
				C8B131581AE9CE9700BCD4F3 /* Images.xcassets in Resources */,
				C8B9D4801AE9B20600927B96 /* getDetailsForSerial.sh in Resources */,
				C8B9D4861AE9C3A100927B96 /* getSerials.sh in Resources */,
				C8B5146B1AE85D610071C86A /* MainMenu.xib in Resources */,
				C8BF506D1AFBE1E9005C725D /* takeScreenshotOfDeviceWithUUID.sh in Resources */,
				C83D2E0E1AEF02E700CD066D /* Take Bugreport.sh in Resources */,
				C8B9D4841AE9B34F00927B96 /* ffmpeg in Resources */,
				C8B5148D1AE860EF0071C86A /* DeviceViewController.xib in Resources */,
				C8B514831AE85D8B0071C86A /* MasterViewController.xib in Resources */,
				C8A8A7B11AF4506800E4B5D0 /* PreferencesWindowController.xib in Resources */,
				C8B9D4831AE9B34F00927B96 /* adb in Resources */,
			);
			runOnlyForDeploymentPostprocessing = 0;
		};
		C8B5146E1AE85D610071C86A /* Resources */ = {
			isa = PBXResourcesBuildPhase;
			buildActionMask = 2147483647;
			files = (
			);
			runOnlyForDeploymentPostprocessing = 0;
		};
/* End PBXResourcesBuildPhase section */

/* Begin PBXSourcesBuildPhase section */
		C8B5145C1AE85D610071C86A /* Sources */ = {
			isa = PBXSourcesBuildPhase;
			buildActionMask = 2147483647;
			files = (
				C8B131961AEB3B5100BCD4F3 /* DevicePickerViewController.swift in Sources */,
				C86DF2A61AFF2D7300AEBDF5 /* previewPopoverViewController.swift in Sources */,
				C8B514851AE85D940071C86A /* Device.swift in Sources */,
				C8A8A7B01AF4506800E4B5D0 /* PreferencesWindowController.swift in Sources */,
				C8B5148F1AE8703F0071C86A /* Util.swift in Sources */,
				C8B514821AE85D8B0071C86A /* MasterViewController.swift in Sources */,
				C8BF506B1AFB393C005C725D /* IOSDeviceHelper.swift in Sources */,
				C83D2E091AEDD7A300CD066D /* scriptsPopoverViewController.swift in Sources */,
				C8B9D47E1AE991D300927B96 /* ShellTasker.swift in Sources */,
				C8B5148C1AE860EF0071C86A /* DeviceViewController.swift in Sources */,
				C8B514661AE85D610071C86A /* AppDelegate.swift in Sources */,
				C8B514871AE85DAE0071C86A /* DeviceDiscoverer.swift in Sources */,
			);
			runOnlyForDeploymentPostprocessing = 0;
		};
		C8B5146C1AE85D610071C86A /* Sources */ = {
			isa = PBXSourcesBuildPhase;
			buildActionMask = 2147483647;
			files = (
				C8B514771AE85D610071C86A /* AndroidToolTests.swift in Sources */,
			);
			runOnlyForDeploymentPostprocessing = 0;
		};
/* End PBXSourcesBuildPhase section */

/* Begin PBXTargetDependency section */
		C8B514721AE85D610071C86A /* PBXTargetDependency */ = {
			isa = PBXTargetDependency;
			target = C8B5145F1AE85D610071C86A /* AndroidTool */;
			targetProxy = C8B514711AE85D610071C86A /* PBXContainerItemProxy */;
		};
/* End PBXTargetDependency section */

/* Begin PBXVariantGroup section */
		C8B514691AE85D610071C86A /* MainMenu.xib */ = {
			isa = PBXVariantGroup;
			children = (
				C8B5146A1AE85D610071C86A /* Base */,
			);
			name = MainMenu.xib;
			sourceTree = "<group>";
		};
/* End PBXVariantGroup section */

/* Begin XCBuildConfiguration section */
		C8B514781AE85D610071C86A /* Debug */ = {
			isa = XCBuildConfiguration;
			buildSettings = {
				ALWAYS_SEARCH_USER_PATHS = NO;
				CLANG_CXX_LANGUAGE_STANDARD = "gnu++0x";
				CLANG_CXX_LIBRARY = "libc++";
				CLANG_ENABLE_MODULES = YES;
				CLANG_ENABLE_OBJC_ARC = YES;
				CLANG_WARN_BOOL_CONVERSION = YES;
				CLANG_WARN_CONSTANT_CONVERSION = YES;
				CLANG_WARN_DIRECT_OBJC_ISA_USAGE = YES_ERROR;
				CLANG_WARN_EMPTY_BODY = YES;
				CLANG_WARN_ENUM_CONVERSION = YES;
				CLANG_WARN_INT_CONVERSION = YES;
				CLANG_WARN_OBJC_ROOT_CLASS = YES_ERROR;
				CLANG_WARN_UNREACHABLE_CODE = YES;
				CLANG_WARN__DUPLICATE_METHOD_MATCH = YES;
				CODE_SIGN_IDENTITY = "-";
				COPY_PHASE_STRIP = NO;
				DEBUG_INFORMATION_FORMAT = dwarf;
				ENABLE_STRICT_OBJC_MSGSEND = YES;
				GCC_C_LANGUAGE_STANDARD = gnu99;
				GCC_DYNAMIC_NO_PIC = NO;
				GCC_NO_COMMON_BLOCKS = YES;
				GCC_OPTIMIZATION_LEVEL = 0;
				GCC_PREPROCESSOR_DEFINITIONS = (
					"DEBUG=1",
					"$(inherited)",
				);
				GCC_SYMBOLS_PRIVATE_EXTERN = NO;
				GCC_WARN_64_TO_32_BIT_CONVERSION = YES;
				GCC_WARN_ABOUT_RETURN_TYPE = YES_ERROR;
				GCC_WARN_UNDECLARED_SELECTOR = YES;
				GCC_WARN_UNINITIALIZED_AUTOS = YES_AGGRESSIVE;
				GCC_WARN_UNUSED_FUNCTION = YES;
				GCC_WARN_UNUSED_VARIABLE = YES;
				MACOSX_DEPLOYMENT_TARGET = 10.10;
				MTL_ENABLE_DEBUG_INFO = YES;
				ONLY_ACTIVE_ARCH = YES;
				SDKROOT = macosx;
				SWIFT_OPTIMIZATION_LEVEL = "-Onone";
			};
			name = Debug;
		};
		C8B514791AE85D610071C86A /* Release */ = {
			isa = XCBuildConfiguration;
			buildSettings = {
				ALWAYS_SEARCH_USER_PATHS = NO;
				CLANG_CXX_LANGUAGE_STANDARD = "gnu++0x";
				CLANG_CXX_LIBRARY = "libc++";
				CLANG_ENABLE_MODULES = YES;
				CLANG_ENABLE_OBJC_ARC = YES;
				CLANG_WARN_BOOL_CONVERSION = YES;
				CLANG_WARN_CONSTANT_CONVERSION = YES;
				CLANG_WARN_DIRECT_OBJC_ISA_USAGE = YES_ERROR;
				CLANG_WARN_EMPTY_BODY = YES;
				CLANG_WARN_ENUM_CONVERSION = YES;
				CLANG_WARN_INT_CONVERSION = YES;
				CLANG_WARN_OBJC_ROOT_CLASS = YES_ERROR;
				CLANG_WARN_UNREACHABLE_CODE = YES;
				CLANG_WARN__DUPLICATE_METHOD_MATCH = YES;
				CODE_SIGN_IDENTITY = "-";
				COPY_PHASE_STRIP = NO;
				DEBUG_INFORMATION_FORMAT = "dwarf-with-dsym";
				ENABLE_NS_ASSERTIONS = NO;
				ENABLE_STRICT_OBJC_MSGSEND = YES;
				GCC_C_LANGUAGE_STANDARD = gnu99;
				GCC_NO_COMMON_BLOCKS = YES;
				GCC_WARN_64_TO_32_BIT_CONVERSION = YES;
				GCC_WARN_ABOUT_RETURN_TYPE = YES_ERROR;
				GCC_WARN_UNDECLARED_SELECTOR = YES;
				GCC_WARN_UNINITIALIZED_AUTOS = YES_AGGRESSIVE;
				GCC_WARN_UNUSED_FUNCTION = YES;
				GCC_WARN_UNUSED_VARIABLE = YES;
				MACOSX_DEPLOYMENT_TARGET = 10.10;
				MTL_ENABLE_DEBUG_INFO = NO;
				SDKROOT = macosx;
			};
			name = Release;
		};
		C8B5147B1AE85D610071C86A /* Debug */ = {
			isa = XCBuildConfiguration;
			buildSettings = {
				ASSETCATALOG_COMPILER_APPICON_NAME = AppIcon;
				COMBINE_HIDPI_IMAGES = YES;
				INFOPLIST_FILE = AndroidTool/Info.plist;
				LD_RUNPATH_SEARCH_PATHS = "$(inherited) @executable_path/../Frameworks";
				LIBRARY_SEARCH_PATHS = (
					"$(inherited)",
					"$(PROJECT_DIR)/AndroidTool",
				);
				MACOSX_DEPLOYMENT_TARGET = 10.9;
				PRODUCT_NAME = "$(TARGET_NAME)";
			};
			name = Debug;
		};
		C8B5147C1AE85D610071C86A /* Release */ = {
			isa = XCBuildConfiguration;
			buildSettings = {
				ASSETCATALOG_COMPILER_APPICON_NAME = AppIcon;
				COMBINE_HIDPI_IMAGES = YES;
				INFOPLIST_FILE = AndroidTool/Info.plist;
				LD_RUNPATH_SEARCH_PATHS = "$(inherited) @executable_path/../Frameworks";
				LIBRARY_SEARCH_PATHS = (
					"$(inherited)",
					"$(PROJECT_DIR)/AndroidTool",
				);
				MACOSX_DEPLOYMENT_TARGET = 10.9;
				PRODUCT_NAME = "$(TARGET_NAME)";
			};
			name = Release;
		};
		C8B5147E1AE85D610071C86A /* Debug */ = {
			isa = XCBuildConfiguration;
			buildSettings = {
				BUNDLE_LOADER = "$(TEST_HOST)";
				COMBINE_HIDPI_IMAGES = YES;
				FRAMEWORK_SEARCH_PATHS = (
					"$(DEVELOPER_FRAMEWORKS_DIR)",
					"$(inherited)",
				);
				GCC_PREPROCESSOR_DEFINITIONS = (
					"DEBUG=1",
					"$(inherited)",
				);
				INFOPLIST_FILE = AndroidToolTests/Info.plist;
				LD_RUNPATH_SEARCH_PATHS = "$(inherited) @executable_path/../Frameworks @loader_path/../Frameworks";
				PRODUCT_NAME = "$(TARGET_NAME)";
				TEST_HOST = "$(BUILT_PRODUCTS_DIR)/AndroidTool.app/Contents/MacOS/AndroidTool";
			};
			name = Debug;
		};
		C8B5147F1AE85D610071C86A /* Release */ = {
			isa = XCBuildConfiguration;
			buildSettings = {
				BUNDLE_LOADER = "$(TEST_HOST)";
				COMBINE_HIDPI_IMAGES = YES;
				FRAMEWORK_SEARCH_PATHS = (
					"$(DEVELOPER_FRAMEWORKS_DIR)",
					"$(inherited)",
				);
				INFOPLIST_FILE = AndroidToolTests/Info.plist;
				LD_RUNPATH_SEARCH_PATHS = "$(inherited) @executable_path/../Frameworks @loader_path/../Frameworks";
				PRODUCT_NAME = "$(TARGET_NAME)";
				TEST_HOST = "$(BUILT_PRODUCTS_DIR)/AndroidTool.app/Contents/MacOS/AndroidTool";
			};
			name = Release;
		};
/* End XCBuildConfiguration section */

/* Begin XCConfigurationList section */
		C8B5145B1AE85D600071C86A /* Build configuration list for PBXProject "AndroidTool" */ = {
			isa = XCConfigurationList;
			buildConfigurations = (
				C8B514781AE85D610071C86A /* Debug */,
				C8B514791AE85D610071C86A /* Release */,
			);
			defaultConfigurationIsVisible = 0;
			defaultConfigurationName = Release;
		};
		C8B5147A1AE85D610071C86A /* Build configuration list for PBXNativeTarget "AndroidTool" */ = {
			isa = XCConfigurationList;
			buildConfigurations = (
				C8B5147B1AE85D610071C86A /* Debug */,
				C8B5147C1AE85D610071C86A /* Release */,
			);
			defaultConfigurationIsVisible = 0;
			defaultConfigurationName = Release;
		};
		C8B5147D1AE85D610071C86A /* Build configuration list for PBXNativeTarget "AndroidToolTests" */ = {
			isa = XCConfigurationList;
			buildConfigurations = (
				C8B5147E1AE85D610071C86A /* Debug */,
				C8B5147F1AE85D610071C86A /* Release */,
			);
			defaultConfigurationIsVisible = 0;
			defaultConfigurationName = Release;
		};
/* End XCConfigurationList section */
	};
	rootObject = C8B514581AE85D600071C86A /* Project object */;
}
